// !$*UTF8*$!
{
	archiveVersion = 1;
	classes = {
	};
	objectVersion = 46;
	objects = {

/* Begin PBXBuildFile section */
		0300B0A51CDE462100611A42 /* MKAnnotationView+WebCache.m in Sources */ = {isa = PBXBuildFile; fileRef = 0300B0851CDE462100611A42 /* MKAnnotationView+WebCache.m */; };
		0300B0A61CDE462100611A42 /* MKAnnotationView+WebCache.m in Sources */ = {isa = PBXBuildFile; fileRef = 0300B0851CDE462100611A42 /* MKAnnotationView+WebCache.m */; };
		0300B0A71CDE462100611A42 /* NSData+ImageContentType.m in Sources */ = {isa = PBXBuildFile; fileRef = 0300B0871CDE462100611A42 /* NSData+ImageContentType.m */; };
		0300B0A81CDE462100611A42 /* NSData+ImageContentType.m in Sources */ = {isa = PBXBuildFile; fileRef = 0300B0871CDE462100611A42 /* NSData+ImageContentType.m */; };
		0300B0A91CDE462100611A42 /* SDImageCache.m in Sources */ = {isa = PBXBuildFile; fileRef = 0300B0891CDE462100611A42 /* SDImageCache.m */; };
		0300B0AA1CDE462100611A42 /* SDImageCache.m in Sources */ = {isa = PBXBuildFile; fileRef = 0300B0891CDE462100611A42 /* SDImageCache.m */; };
		0300B0AB1CDE462100611A42 /* SDWebImageCompat.m in Sources */ = {isa = PBXBuildFile; fileRef = 0300B08B1CDE462100611A42 /* SDWebImageCompat.m */; };
		0300B0AC1CDE462100611A42 /* SDWebImageCompat.m in Sources */ = {isa = PBXBuildFile; fileRef = 0300B08B1CDE462100611A42 /* SDWebImageCompat.m */; };
		0300B0AD1CDE462100611A42 /* SDWebImageDecoder.m in Sources */ = {isa = PBXBuildFile; fileRef = 0300B08D1CDE462100611A42 /* SDWebImageDecoder.m */; };
		0300B0AE1CDE462100611A42 /* SDWebImageDecoder.m in Sources */ = {isa = PBXBuildFile; fileRef = 0300B08D1CDE462100611A42 /* SDWebImageDecoder.m */; };
		0300B0AF1CDE462100611A42 /* SDWebImageDownloader.m in Sources */ = {isa = PBXBuildFile; fileRef = 0300B08F1CDE462100611A42 /* SDWebImageDownloader.m */; };
		0300B0B01CDE462100611A42 /* SDWebImageDownloader.m in Sources */ = {isa = PBXBuildFile; fileRef = 0300B08F1CDE462100611A42 /* SDWebImageDownloader.m */; };
		0300B0B11CDE462100611A42 /* SDWebImageDownloaderOperation.m in Sources */ = {isa = PBXBuildFile; fileRef = 0300B0911CDE462100611A42 /* SDWebImageDownloaderOperation.m */; };
		0300B0B21CDE462100611A42 /* SDWebImageDownloaderOperation.m in Sources */ = {isa = PBXBuildFile; fileRef = 0300B0911CDE462100611A42 /* SDWebImageDownloaderOperation.m */; };
		0300B0B31CDE462100611A42 /* SDWebImageManager.m in Sources */ = {isa = PBXBuildFile; fileRef = 0300B0931CDE462100611A42 /* SDWebImageManager.m */; };
		0300B0B41CDE462100611A42 /* SDWebImageManager.m in Sources */ = {isa = PBXBuildFile; fileRef = 0300B0931CDE462100611A42 /* SDWebImageManager.m */; };
		0300B0B51CDE462100611A42 /* SDWebImagePrefetcher.m in Sources */ = {isa = PBXBuildFile; fileRef = 0300B0961CDE462100611A42 /* SDWebImagePrefetcher.m */; };
		0300B0B61CDE462100611A42 /* SDWebImagePrefetcher.m in Sources */ = {isa = PBXBuildFile; fileRef = 0300B0961CDE462100611A42 /* SDWebImagePrefetcher.m */; };
		0300B0B71CDE462100611A42 /* UIButton+WebCache.m in Sources */ = {isa = PBXBuildFile; fileRef = 0300B0981CDE462100611A42 /* UIButton+WebCache.m */; };
		0300B0B81CDE462100611A42 /* UIButton+WebCache.m in Sources */ = {isa = PBXBuildFile; fileRef = 0300B0981CDE462100611A42 /* UIButton+WebCache.m */; };
		0300B0B91CDE462100611A42 /* UIImage+GIF.m in Sources */ = {isa = PBXBuildFile; fileRef = 0300B09A1CDE462100611A42 /* UIImage+GIF.m */; };
		0300B0BA1CDE462100611A42 /* UIImage+GIF.m in Sources */ = {isa = PBXBuildFile; fileRef = 0300B09A1CDE462100611A42 /* UIImage+GIF.m */; };
		0300B0BB1CDE462100611A42 /* UIImage+MultiFormat.m in Sources */ = {isa = PBXBuildFile; fileRef = 0300B09C1CDE462100611A42 /* UIImage+MultiFormat.m */; };
		0300B0BC1CDE462100611A42 /* UIImage+MultiFormat.m in Sources */ = {isa = PBXBuildFile; fileRef = 0300B09C1CDE462100611A42 /* UIImage+MultiFormat.m */; };
		0300B0BD1CDE462100611A42 /* UIImage+WebP.m in Sources */ = {isa = PBXBuildFile; fileRef = 0300B09E1CDE462100611A42 /* UIImage+WebP.m */; };
		0300B0BE1CDE462100611A42 /* UIImage+WebP.m in Sources */ = {isa = PBXBuildFile; fileRef = 0300B09E1CDE462100611A42 /* UIImage+WebP.m */; };
		0300B0BF1CDE462100611A42 /* UIImageView+HighlightedWebCache.m in Sources */ = {isa = PBXBuildFile; fileRef = 0300B0A01CDE462100611A42 /* UIImageView+HighlightedWebCache.m */; };
		0300B0C01CDE462100611A42 /* UIImageView+HighlightedWebCache.m in Sources */ = {isa = PBXBuildFile; fileRef = 0300B0A01CDE462100611A42 /* UIImageView+HighlightedWebCache.m */; };
		0300B0C11CDE462100611A42 /* UIImageView+WebCache.m in Sources */ = {isa = PBXBuildFile; fileRef = 0300B0A21CDE462100611A42 /* UIImageView+WebCache.m */; };
		0300B0C21CDE462100611A42 /* UIImageView+WebCache.m in Sources */ = {isa = PBXBuildFile; fileRef = 0300B0A21CDE462100611A42 /* UIImageView+WebCache.m */; };
		0300B0C31CDE462100611A42 /* UIView+WebCacheOperation.m in Sources */ = {isa = PBXBuildFile; fileRef = 0300B0A41CDE462100611A42 /* UIView+WebCacheOperation.m */; };
		0300B0C41CDE462100611A42 /* UIView+WebCacheOperation.m in Sources */ = {isa = PBXBuildFile; fileRef = 0300B0A41CDE462100611A42 /* UIView+WebCacheOperation.m */; };
		0300B0CF1CDEF6A300611A42 /* LCActionSheet.m in Sources */ = {isa = PBXBuildFile; fileRef = 0300B0CD1CDEF6A300611A42 /* LCActionSheet.m */; };
		0300B0D01CDEF88A00611A42 /* LCActionSheet.m in Sources */ = {isa = PBXBuildFile; fileRef = 0300B0CD1CDEF6A300611A42 /* LCActionSheet.m */; };
		0309A32C1CB23CCB00CBE9A0 /* RegularExpression.m in Sources */ = {isa = PBXBuildFile; fileRef = 0309A32B1CB23CCB00CBE9A0 /* RegularExpression.m */; };
		0313060D1CE3808500D15912 /* LCActionSheet.bundle in Resources */ = {isa = PBXBuildFile; fileRef = 0300B0CB1CDEF6A300611A42 /* LCActionSheet.bundle */; };
		033B01CC1DCAE103001E23A9 /* ZWIntroductionViewController.m in Sources */ = {isa = PBXBuildFile; fileRef = 033B01CB1DCAE103001E23A9 /* ZWIntroductionViewController.m */; };
		034EB4E71CE37FB7002FFF32 /* SAFullSizeImageControl.m in Sources */ = {isa = PBXBuildFile; fileRef = 034EB4E41CE37FB7002FFF32 /* SAFullSizeImageControl.m */; };
		034EB4E81CE37FB7002FFF32 /* SAFullSizeImagesControl.m in Sources */ = {isa = PBXBuildFile; fileRef = 034EB4E61CE37FB7002FFF32 /* SAFullSizeImagesControl.m */; };
		0371B7A21D45E93000A841BA /* WBTableViewCell.m in Sources */ = {isa = PBXBuildFile; fileRef = 0371B7971D45E93000A841BA /* WBTableViewCell.m */; };
		0371B7A31D45E93000A841BA /* WBTableViewDataSource.m in Sources */ = {isa = PBXBuildFile; fileRef = 0371B7991D45E93000A841BA /* WBTableViewDataSource.m */; };
		0371B7A41D45E93000A841BA /* WBTableViewDelegate.m in Sources */ = {isa = PBXBuildFile; fileRef = 0371B79B1D45E93000A841BA /* WBTableViewDelegate.m */; };
		0371B7A51D45E93000A841BA /* WBPopMenuSingleton.m in Sources */ = {isa = PBXBuildFile; fileRef = 0371B79D1D45E93000A841BA /* WBPopMenuSingleton.m */; };
		0371B7A61D45E93000A841BA /* WBPopMenuView.m in Sources */ = {isa = PBXBuildFile; fileRef = 0371B79F1D45E93000A841BA /* WBPopMenuView.m */; };
		0371B7A71D45E93000A841BA /* WBPopMenuModel.m in Sources */ = {isa = PBXBuildFile; fileRef = 0371B7A11D45E93000A841BA /* WBPopMenuModel.m */; };
		0383D47D1D76A53100AA0D0C /* DeformationButton.m in Sources */ = {isa = PBXBuildFile; fileRef = 0383D47C1D76A53100AA0D0C /* DeformationButton.m */; };
		0383D4801D76A53D00AA0D0C /* MMMaterialDesignSpinner.m in Sources */ = {isa = PBXBuildFile; fileRef = 0383D47F1D76A53D00AA0D0C /* MMMaterialDesignSpinner.m */; };
		038829961CC5222000C8E893 /* NSString+MD5.m in Sources */ = {isa = PBXBuildFile; fileRef = 038829951CC5222000C8E893 /* NSString+MD5.m */; };
		03AECBDB1DB5B20D00EBA6C9 /* BaseViewController.m in Sources */ = {isa = PBXBuildFile; fileRef = 03AECBDA1DB5B20D00EBA6C9 /* BaseViewController.m */; };
		03C858B91DDACA35003DE90C /* JKAdapterLabel.m in Sources */ = {isa = PBXBuildFile; fileRef = 03C858A81DDACA35003DE90C /* JKAdapterLabel.m */; };
		03C858BA1DDACA35003DE90C /* JKAlert.m in Sources */ = {isa = PBXBuildFile; fileRef = 03C858AA1DDACA35003DE90C /* JKAlert.m */; };
		03C858BB1DDACA35003DE90C /* JKAlertManager.m in Sources */ = {isa = PBXBuildFile; fileRef = 03C858AC1DDACA35003DE90C /* JKAlertManager.m */; };
		03C858BC1DDACA35003DE90C /* JKBaseView.m in Sources */ = {isa = PBXBuildFile; fileRef = 03C858AE1DDACA35003DE90C /* JKBaseView.m */; };
		03C858BD1DDACA35003DE90C /* JKInformView.m in Sources */ = {isa = PBXBuildFile; fileRef = 03C858B01DDACA35003DE90C /* JKInformView.m */; };
		03C858BE1DDACA35003DE90C /* JKWaitingView.m in Sources */ = {isa = PBXBuildFile; fileRef = 03C858B21DDACA35003DE90C /* JKWaitingView.m */; };
		03C858BF1DDACA35003DE90C /* NSObject+JKAlert.m in Sources */ = {isa = PBXBuildFile; fileRef = 03C858B41DDACA35003DE90C /* NSObject+JKAlert.m */; };
		03C858C01DDACA35003DE90C /* NSString+JKAlert.m in Sources */ = {isa = PBXBuildFile; fileRef = 03C858B61DDACA35003DE90C /* NSString+JKAlert.m */; };
		03C858C11DDACA35003DE90C /* UIView+JKAlert.m in Sources */ = {isa = PBXBuildFile; fileRef = 03C858B81DDACA35003DE90C /* UIView+JKAlert.m */; };
		03D9DA621DE529D900484B4A /* AFHTTPSessionManager.m in Sources */ = {isa = PBXBuildFile; fileRef = 03D9DA561DE529D900484B4A /* AFHTTPSessionManager.m */; };
		03D9DA631DE529D900484B4A /* AFNetworkReachabilityManager.m in Sources */ = {isa = PBXBuildFile; fileRef = 03D9DA591DE529D900484B4A /* AFNetworkReachabilityManager.m */; };
		03D9DA641DE529D900484B4A /* AFSecurityPolicy.m in Sources */ = {isa = PBXBuildFile; fileRef = 03D9DA5B1DE529D900484B4A /* AFSecurityPolicy.m */; };
		03D9DA651DE529D900484B4A /* AFURLRequestSerialization.m in Sources */ = {isa = PBXBuildFile; fileRef = 03D9DA5D1DE529D900484B4A /* AFURLRequestSerialization.m */; };
		03D9DA661DE529D900484B4A /* AFURLResponseSerialization.m in Sources */ = {isa = PBXBuildFile; fileRef = 03D9DA5F1DE529D900484B4A /* AFURLResponseSerialization.m */; };
		03D9DA671DE529D900484B4A /* AFURLSessionManager.m in Sources */ = {isa = PBXBuildFile; fileRef = 03D9DA611DE529D900484B4A /* AFURLSessionManager.m */; };
		03D9DA7E1DE5346D00484B4A /* AFAutoPurgingImageCache.m in Sources */ = {isa = PBXBuildFile; fileRef = 03D9DA6B1DE5346D00484B4A /* AFAutoPurgingImageCache.m */; };
		03D9DA7F1DE5346D00484B4A /* AFImageDownloader.m in Sources */ = {isa = PBXBuildFile; fileRef = 03D9DA6D1DE5346D00484B4A /* AFImageDownloader.m */; };
		03D9DA801DE5346D00484B4A /* AFNetworkActivityIndicatorManager.m in Sources */ = {isa = PBXBuildFile; fileRef = 03D9DA6F1DE5346D00484B4A /* AFNetworkActivityIndicatorManager.m */; };
		03D9DA811DE5346D00484B4A /* UIActivityIndicatorView+AFNetworking.m in Sources */ = {isa = PBXBuildFile; fileRef = 03D9DA711DE5346D00484B4A /* UIActivityIndicatorView+AFNetworking.m */; };
		03D9DA821DE5346D00484B4A /* UIButton+AFNetworking.m in Sources */ = {isa = PBXBuildFile; fileRef = 03D9DA731DE5346D00484B4A /* UIButton+AFNetworking.m */; };
		03D9DA831DE5346D00484B4A /* UIImageView+AFNetworking.m in Sources */ = {isa = PBXBuildFile; fileRef = 03D9DA761DE5346D00484B4A /* UIImageView+AFNetworking.m */; };
		03D9DA841DE5346D00484B4A /* UIProgressView+AFNetworking.m in Sources */ = {isa = PBXBuildFile; fileRef = 03D9DA791DE5346D00484B4A /* UIProgressView+AFNetworking.m */; };
		03D9DA851DE5346D00484B4A /* UIRefreshControl+AFNetworking.m in Sources */ = {isa = PBXBuildFile; fileRef = 03D9DA7B1DE5346D00484B4A /* UIRefreshControl+AFNetworking.m */; };
		03D9DA861DE5346D00484B4A /* UIWebView+AFNetworking.m in Sources */ = {isa = PBXBuildFile; fileRef = 03D9DA7D1DE5346D00484B4A /* UIWebView+AFNetworking.m */; };
		03DF529D1D7E5B2300183702 /* UIView+YALConstraints.m in Sources */ = {isa = PBXBuildFile; fileRef = 03DF52961D7E5B2300183702 /* UIView+YALConstraints.m */; };
		03DF529E1D7E5B2300183702 /* YALContextMenuTableView.m in Sources */ = {isa = PBXBuildFile; fileRef = 03DF52981D7E5B2300183702 /* YALContextMenuTableView.m */; };
		03FB3E1D1BFB675300B7DD5A /* BaseFrameWork.h in CopyFiles */ = {isa = PBXBuildFile; fileRef = 03FB3E1C1BFB675300B7DD5A /* BaseFrameWork.h */; };
		03FB3E1F1BFB675300B7DD5A /* BaseFrameWork.m in Sources */ = {isa = PBXBuildFile; fileRef = 03FB3E1E1BFB675300B7DD5A /* BaseFrameWork.m */; };
		03FB3E281BFB67B400B7DD5A /* SAViewController.m in Sources */ = {isa = PBXBuildFile; fileRef = 03FB3E271BFB67B400B7DD5A /* SAViewController.m */; };
		03FB3ED11BFB686600B7DD5A /* AnimatedGIFImageSerialization.m in Sources */ = {isa = PBXBuildFile; fileRef = 03FB3ECB1BFB686600B7DD5A /* AnimatedGIFImageSerialization.m */; };
		03FB3ED21BFB686600B7DD5A /* UIScrollView+UzysAnimatedGifPullToRefresh.m in Sources */ = {isa = PBXBuildFile; fileRef = 03FB3ECD1BFB686600B7DD5A /* UIScrollView+UzysAnimatedGifPullToRefresh.m */; };
		03FB3ED31BFB686600B7DD5A /* UzysAnimatedGifActivityIndicator.m in Sources */ = {isa = PBXBuildFile; fileRef = 03FB3ECF1BFB686600B7DD5A /* UzysAnimatedGifActivityIndicator.m */; };
		03FB3EE11BFB68A400B7DD5A /* RCLabel.m in Sources */ = {isa = PBXBuildFile; fileRef = 03FB3ED61BFB68A400B7DD5A /* RCLabel.m */; settings = {COMPILER_FLAGS = "-fno-objc-arc"; }; };
		03FB3EE21BFB68A400B7DD5A /* SAWidthLabel.m in Sources */ = {isa = PBXBuildFile; fileRef = 03FB3ED81BFB68A400B7DD5A /* SAWidthLabel.m */; };
		03FB3EE31BFB68A400B7DD5A /* SAHeightenLabel.m in Sources */ = {isa = PBXBuildFile; fileRef = 03FB3EDA1BFB68A400B7DD5A /* SAHeightenLabel.m */; };
		03FB3EE41BFB68A400B7DD5A /* SAHTMLHeightenLabel.m in Sources */ = {isa = PBXBuildFile; fileRef = 03FB3EDC1BFB68A400B7DD5A /* SAHTMLHeightenLabel.m */; };
		03FB3EE51BFB68A400B7DD5A /* RoundImageView.m in Sources */ = {isa = PBXBuildFile; fileRef = 03FB3EDE1BFB68A400B7DD5A /* RoundImageView.m */; };
		03FB3EE61BFB68A400B7DD5A /* RoundLabel.m in Sources */ = {isa = PBXBuildFile; fileRef = 03FB3EE01BFB68A400B7DD5A /* RoundLabel.m */; };
		03FB3EEA1BFB68CB00B7DD5A /* SAKeyValueStore.m in Sources */ = {isa = PBXBuildFile; fileRef = 03FB3EE91BFB68CB00B7DD5A /* SAKeyValueStore.m */; };
		03FB3F021BFB691A00B7DD5A /* DXAlertView.m in Sources */ = {isa = PBXBuildFile; fileRef = 03FB3EFF1BFB691A00B7DD5A /* DXAlertView.m */; };
		03FB3F031BFB691A00B7DD5A /* GUAAlertView.m in Sources */ = {isa = PBXBuildFile; fileRef = 03FB3F011BFB691A00B7DD5A /* GUAAlertView.m */; };
		03FB3F0B1BFB693400B7DD5A /* SAURLManager.m in Sources */ = {isa = PBXBuildFile; fileRef = 03FB3F061BFB693400B7DD5A /* SAURLManager.m */; };
		03FB3F0C1BFB693400B7DD5A /* LocationManager.m in Sources */ = {isa = PBXBuildFile; fileRef = 03FB3F081BFB693400B7DD5A /* LocationManager.m */; };
		03FB3F101BFB695C00B7DD5A /* SAModel.m in Sources */ = {isa = PBXBuildFile; fileRef = 03FB3F0F1BFB695C00B7DD5A /* SAModel.m */; };
		03FB3F171BFB699500B7DD5A /* UIView+UIViewAdditions.m in Sources */ = {isa = PBXBuildFile; fileRef = 03FB3F151BFB699500B7DD5A /* UIView+UIViewAdditions.m */; };
		03FB3F1D1BFB69D400B7DD5A /* DHNetWorkingTask.m in Sources */ = {isa = PBXBuildFile; fileRef = 03FB3F1A1BFB69D400B7DD5A /* DHNetWorkingTask.m */; };
		03FB3F1E1BFB69D400B7DD5A /* SAReachabilityManager.m in Sources */ = {isa = PBXBuildFile; fileRef = 03FB3F1C1BFB69D400B7DD5A /* SAReachabilityManager.m */; };
		03FB3F371BFB71A000B7DD5A /* Reachability.m in Sources */ = {isa = PBXBuildFile; fileRef = 03FB3F361BFB71A000B7DD5A /* Reachability.m */; };
		03FB3FAD1BFB748300B7DD5A /* STAlertView.m in Sources */ = {isa = PBXBuildFile; fileRef = 03FB3FAC1BFB748300B7DD5A /* STAlertView.m */; };
		03FB3FBA1BFB749F00B7DD5A /* FMDatabase.m in Sources */ = {isa = PBXBuildFile; fileRef = 03FB3FB01BFB749F00B7DD5A /* FMDatabase.m */; };
		03FB3FBB1BFB749F00B7DD5A /* FMDatabaseAdditions.m in Sources */ = {isa = PBXBuildFile; fileRef = 03FB3FB21BFB749F00B7DD5A /* FMDatabaseAdditions.m */; };
		03FB3FBC1BFB749F00B7DD5A /* FMDatabasePool.m in Sources */ = {isa = PBXBuildFile; fileRef = 03FB3FB41BFB749F00B7DD5A /* FMDatabasePool.m */; };
		03FB3FBD1BFB749F00B7DD5A /* FMDatabaseQueue.m in Sources */ = {isa = PBXBuildFile; fileRef = 03FB3FB61BFB749F00B7DD5A /* FMDatabaseQueue.m */; };
		03FB3FBE1BFB749F00B7DD5A /* FMResultSet.m in Sources */ = {isa = PBXBuildFile; fileRef = 03FB3FB91BFB749F00B7DD5A /* FMResultSet.m */; };
		03FB3FC81BFB750600B7DD5A /* SCLAlertView.m in Sources */ = {isa = PBXBuildFile; fileRef = 03FB3FC11BFB750600B7DD5A /* SCLAlertView.m */; };
		03FB3FC91BFB750600B7DD5A /* SCLAlertViewResponder.m in Sources */ = {isa = PBXBuildFile; fileRef = 03FB3FC31BFB750600B7DD5A /* SCLAlertViewResponder.m */; };
		03FB3FCA1BFB750600B7DD5A /* SCLAlertViewStyleKit.m in Sources */ = {isa = PBXBuildFile; fileRef = 03FB3FC51BFB750600B7DD5A /* SCLAlertViewStyleKit.m */; };
		03FB3FCB1BFB750600B7DD5A /* SCLButton.m in Sources */ = {isa = PBXBuildFile; fileRef = 03FB3FC71BFB750600B7DD5A /* SCLButton.m */; };
		03FB40511BFC7D0900B7DD5A /* UIImage+KVNEmpty.m in Sources */ = {isa = PBXBuildFile; fileRef = 03FB40491BFC7D0900B7DD5A /* UIImage+KVNEmpty.m */; };
		03FB40521BFC7D0900B7DD5A /* UIImage+KVNImageEffects.m in Sources */ = {isa = PBXBuildFile; fileRef = 03FB404B1BFC7D0900B7DD5A /* UIImage+KVNImageEffects.m */; };
		03FB40531BFC7D0900B7DD5A /* KVNProgress.m in Sources */ = {isa = PBXBuildFile; fileRef = 03FB404E1BFC7D0900B7DD5A /* KVNProgress.m */; };
		03FB40631BFC807600B7DD5A /* KVNProgressView.xib in Resources */ = {isa = PBXBuildFile; fileRef = 03FB40501BFC7D0900B7DD5A /* KVNProgressView.xib */; };
/* End PBXBuildFile section */

/* Begin PBXCopyFilesBuildPhase section */
		03FB3E171BFB675300B7DD5A /* CopyFiles */ = {
			isa = PBXCopyFilesBuildPhase;
			buildActionMask = 2147483647;
			dstPath = "include/$(PRODUCT_NAME)";
			dstSubfolderSpec = 16;
			files = (
				03FB3E1D1BFB675300B7DD5A /* BaseFrameWork.h in CopyFiles */,
			);
			runOnlyForDeploymentPostprocessing = 0;
		};
/* End PBXCopyFilesBuildPhase section */

/* Begin PBXFileReference section */
		0300B0841CDE462100611A42 /* MKAnnotationView+WebCache.h */ = {isa = PBXFileReference; fileEncoding = 4; lastKnownFileType = sourcecode.c.h; path = "MKAnnotationView+WebCache.h"; sourceTree = "<group>"; };
		0300B0851CDE462100611A42 /* MKAnnotationView+WebCache.m */ = {isa = PBXFileReference; fileEncoding = 4; lastKnownFileType = sourcecode.c.objc; path = "MKAnnotationView+WebCache.m"; sourceTree = "<group>"; };
		0300B0861CDE462100611A42 /* NSData+ImageContentType.h */ = {isa = PBXFileReference; fileEncoding = 4; lastKnownFileType = sourcecode.c.h; path = "NSData+ImageContentType.h"; sourceTree = "<group>"; };
		0300B0871CDE462100611A42 /* NSData+ImageContentType.m */ = {isa = PBXFileReference; fileEncoding = 4; lastKnownFileType = sourcecode.c.objc; path = "NSData+ImageContentType.m"; sourceTree = "<group>"; };
		0300B0881CDE462100611A42 /* SDImageCache.h */ = {isa = PBXFileReference; fileEncoding = 4; lastKnownFileType = sourcecode.c.h; path = SDImageCache.h; sourceTree = "<group>"; };
		0300B0891CDE462100611A42 /* SDImageCache.m */ = {isa = PBXFileReference; fileEncoding = 4; lastKnownFileType = sourcecode.c.objc; path = SDImageCache.m; sourceTree = "<group>"; };
		0300B08A1CDE462100611A42 /* SDWebImageCompat.h */ = {isa = PBXFileReference; fileEncoding = 4; lastKnownFileType = sourcecode.c.h; path = SDWebImageCompat.h; sourceTree = "<group>"; };
		0300B08B1CDE462100611A42 /* SDWebImageCompat.m */ = {isa = PBXFileReference; fileEncoding = 4; lastKnownFileType = sourcecode.c.objc; path = SDWebImageCompat.m; sourceTree = "<group>"; };
		0300B08C1CDE462100611A42 /* SDWebImageDecoder.h */ = {isa = PBXFileReference; fileEncoding = 4; lastKnownFileType = sourcecode.c.h; path = SDWebImageDecoder.h; sourceTree = "<group>"; };
		0300B08D1CDE462100611A42 /* SDWebImageDecoder.m */ = {isa = PBXFileReference; fileEncoding = 4; lastKnownFileType = sourcecode.c.objc; path = SDWebImageDecoder.m; sourceTree = "<group>"; };
		0300B08E1CDE462100611A42 /* SDWebImageDownloader.h */ = {isa = PBXFileReference; fileEncoding = 4; lastKnownFileType = sourcecode.c.h; path = SDWebImageDownloader.h; sourceTree = "<group>"; };
		0300B08F1CDE462100611A42 /* SDWebImageDownloader.m */ = {isa = PBXFileReference; fileEncoding = 4; lastKnownFileType = sourcecode.c.objc; path = SDWebImageDownloader.m; sourceTree = "<group>"; };
		0300B0901CDE462100611A42 /* SDWebImageDownloaderOperation.h */ = {isa = PBXFileReference; fileEncoding = 4; lastKnownFileType = sourcecode.c.h; path = SDWebImageDownloaderOperation.h; sourceTree = "<group>"; };
		0300B0911CDE462100611A42 /* SDWebImageDownloaderOperation.m */ = {isa = PBXFileReference; fileEncoding = 4; lastKnownFileType = sourcecode.c.objc; path = SDWebImageDownloaderOperation.m; sourceTree = "<group>"; };
		0300B0921CDE462100611A42 /* SDWebImageManager.h */ = {isa = PBXFileReference; fileEncoding = 4; lastKnownFileType = sourcecode.c.h; path = SDWebImageManager.h; sourceTree = "<group>"; };
		0300B0931CDE462100611A42 /* SDWebImageManager.m */ = {isa = PBXFileReference; fileEncoding = 4; lastKnownFileType = sourcecode.c.objc; path = SDWebImageManager.m; sourceTree = "<group>"; };
		0300B0941CDE462100611A42 /* SDWebImageOperation.h */ = {isa = PBXFileReference; fileEncoding = 4; lastKnownFileType = sourcecode.c.h; path = SDWebImageOperation.h; sourceTree = "<group>"; };
		0300B0951CDE462100611A42 /* SDWebImagePrefetcher.h */ = {isa = PBXFileReference; fileEncoding = 4; lastKnownFileType = sourcecode.c.h; path = SDWebImagePrefetcher.h; sourceTree = "<group>"; };
		0300B0961CDE462100611A42 /* SDWebImagePrefetcher.m */ = {isa = PBXFileReference; fileEncoding = 4; lastKnownFileType = sourcecode.c.objc; path = SDWebImagePrefetcher.m; sourceTree = "<group>"; };
		0300B0971CDE462100611A42 /* UIButton+WebCache.h */ = {isa = PBXFileReference; fileEncoding = 4; lastKnownFileType = sourcecode.c.h; path = "UIButton+WebCache.h"; sourceTree = "<group>"; };
		0300B0981CDE462100611A42 /* UIButton+WebCache.m */ = {isa = PBXFileReference; fileEncoding = 4; lastKnownFileType = sourcecode.c.objc; path = "UIButton+WebCache.m"; sourceTree = "<group>"; };
		0300B0991CDE462100611A42 /* UIImage+GIF.h */ = {isa = PBXFileReference; fileEncoding = 4; lastKnownFileType = sourcecode.c.h; path = "UIImage+GIF.h"; sourceTree = "<group>"; };
		0300B09A1CDE462100611A42 /* UIImage+GIF.m */ = {isa = PBXFileReference; fileEncoding = 4; lastKnownFileType = sourcecode.c.objc; path = "UIImage+GIF.m"; sourceTree = "<group>"; };
		0300B09B1CDE462100611A42 /* UIImage+MultiFormat.h */ = {isa = PBXFileReference; fileEncoding = 4; lastKnownFileType = sourcecode.c.h; path = "UIImage+MultiFormat.h"; sourceTree = "<group>"; };
		0300B09C1CDE462100611A42 /* UIImage+MultiFormat.m */ = {isa = PBXFileReference; fileEncoding = 4; lastKnownFileType = sourcecode.c.objc; path = "UIImage+MultiFormat.m"; sourceTree = "<group>"; };
		0300B09D1CDE462100611A42 /* UIImage+WebP.h */ = {isa = PBXFileReference; fileEncoding = 4; lastKnownFileType = sourcecode.c.h; path = "UIImage+WebP.h"; sourceTree = "<group>"; };
		0300B09E1CDE462100611A42 /* UIImage+WebP.m */ = {isa = PBXFileReference; fileEncoding = 4; lastKnownFileType = sourcecode.c.objc; path = "UIImage+WebP.m"; sourceTree = "<group>"; };
		0300B09F1CDE462100611A42 /* UIImageView+HighlightedWebCache.h */ = {isa = PBXFileReference; fileEncoding = 4; lastKnownFileType = sourcecode.c.h; path = "UIImageView+HighlightedWebCache.h"; sourceTree = "<group>"; };
		0300B0A01CDE462100611A42 /* UIImageView+HighlightedWebCache.m */ = {isa = PBXFileReference; fileEncoding = 4; lastKnownFileType = sourcecode.c.objc; path = "UIImageView+HighlightedWebCache.m"; sourceTree = "<group>"; };
		0300B0A11CDE462100611A42 /* UIImageView+WebCache.h */ = {isa = PBXFileReference; fileEncoding = 4; lastKnownFileType = sourcecode.c.h; path = "UIImageView+WebCache.h"; sourceTree = "<group>"; };
		0300B0A21CDE462100611A42 /* UIImageView+WebCache.m */ = {isa = PBXFileReference; fileEncoding = 4; lastKnownFileType = sourcecode.c.objc; path = "UIImageView+WebCache.m"; sourceTree = "<group>"; };
		0300B0A31CDE462100611A42 /* UIView+WebCacheOperation.h */ = {isa = PBXFileReference; fileEncoding = 4; lastKnownFileType = sourcecode.c.h; path = "UIView+WebCacheOperation.h"; sourceTree = "<group>"; };
		0300B0A41CDE462100611A42 /* UIView+WebCacheOperation.m */ = {isa = PBXFileReference; fileEncoding = 4; lastKnownFileType = sourcecode.c.objc; path = "UIView+WebCacheOperation.m"; sourceTree = "<group>"; };
		0300B0CB1CDEF6A300611A42 /* LCActionSheet.bundle */ = {isa = PBXFileReference; lastKnownFileType = "wrapper.plug-in"; path = LCActionSheet.bundle; sourceTree = "<group>"; };
		0300B0CC1CDEF6A300611A42 /* LCActionSheet.h */ = {isa = PBXFileReference; fileEncoding = 4; lastKnownFileType = sourcecode.c.h; path = LCActionSheet.h; sourceTree = "<group>"; };
		0300B0CD1CDEF6A300611A42 /* LCActionSheet.m */ = {isa = PBXFileReference; fileEncoding = 4; lastKnownFileType = sourcecode.c.objc; path = LCActionSheet.m; sourceTree = "<group>"; };
		0309A32A1CB23CCB00CBE9A0 /* RegularExpression.h */ = {isa = PBXFileReference; fileEncoding = 4; lastKnownFileType = sourcecode.c.h; path = RegularExpression.h; sourceTree = "<group>"; };
		0309A32B1CB23CCB00CBE9A0 /* RegularExpression.m */ = {isa = PBXFileReference; fileEncoding = 4; lastKnownFileType = sourcecode.c.objc; path = RegularExpression.m; sourceTree = "<group>"; };
		033B01CA1DCAE103001E23A9 /* ZWIntroductionViewController.h */ = {isa = PBXFileReference; fileEncoding = 4; lastKnownFileType = sourcecode.c.h; path = ZWIntroductionViewController.h; sourceTree = "<group>"; };
		033B01CB1DCAE103001E23A9 /* ZWIntroductionViewController.m */ = {isa = PBXFileReference; fileEncoding = 4; lastKnownFileType = sourcecode.c.objc; path = ZWIntroductionViewController.m; sourceTree = "<group>"; };
		034EB4E31CE37FB7002FFF32 /* SAFullSizeImageControl.h */ = {isa = PBXFileReference; fileEncoding = 4; lastKnownFileType = sourcecode.c.h; name = SAFullSizeImageControl.h; path = BaseFrameWork/SAFullSizeImageControl.h; sourceTree = "<group>"; };
		034EB4E41CE37FB7002FFF32 /* SAFullSizeImageControl.m */ = {isa = PBXFileReference; fileEncoding = 4; lastKnownFileType = sourcecode.c.objc; name = SAFullSizeImageControl.m; path = BaseFrameWork/SAFullSizeImageControl.m; sourceTree = "<group>"; };
		034EB4E51CE37FB7002FFF32 /* SAFullSizeImagesControl.h */ = {isa = PBXFileReference; fileEncoding = 4; lastKnownFileType = sourcecode.c.h; name = SAFullSizeImagesControl.h; path = BaseFrameWork/SAFullSizeImagesControl.h; sourceTree = "<group>"; };
		034EB4E61CE37FB7002FFF32 /* SAFullSizeImagesControl.m */ = {isa = PBXFileReference; fileEncoding = 4; lastKnownFileType = sourcecode.c.objc; name = SAFullSizeImagesControl.m; path = BaseFrameWork/SAFullSizeImagesControl.m; sourceTree = "<group>"; };
		0371B7961D45E93000A841BA /* WBTableViewCell.h */ = {isa = PBXFileReference; fileEncoding = 4; lastKnownFileType = sourcecode.c.h; path = WBTableViewCell.h; sourceTree = "<group>"; };
		0371B7971D45E93000A841BA /* WBTableViewCell.m */ = {isa = PBXFileReference; fileEncoding = 4; lastKnownFileType = sourcecode.c.objc; path = WBTableViewCell.m; sourceTree = "<group>"; };
		0371B7981D45E93000A841BA /* WBTableViewDataSource.h */ = {isa = PBXFileReference; fileEncoding = 4; lastKnownFileType = sourcecode.c.h; path = WBTableViewDataSource.h; sourceTree = "<group>"; };
		0371B7991D45E93000A841BA /* WBTableViewDataSource.m */ = {isa = PBXFileReference; fileEncoding = 4; lastKnownFileType = sourcecode.c.objc; path = WBTableViewDataSource.m; sourceTree = "<group>"; };
		0371B79A1D45E93000A841BA /* WBTableViewDelegate.h */ = {isa = PBXFileReference; fileEncoding = 4; lastKnownFileType = sourcecode.c.h; path = WBTableViewDelegate.h; sourceTree = "<group>"; };
		0371B79B1D45E93000A841BA /* WBTableViewDelegate.m */ = {isa = PBXFileReference; fileEncoding = 4; lastKnownFileType = sourcecode.c.objc; path = WBTableViewDelegate.m; sourceTree = "<group>"; };
		0371B79C1D45E93000A841BA /* WBPopMenuSingleton.h */ = {isa = PBXFileReference; fileEncoding = 4; lastKnownFileType = sourcecode.c.h; path = WBPopMenuSingleton.h; sourceTree = "<group>"; };
		0371B79D1D45E93000A841BA /* WBPopMenuSingleton.m */ = {isa = PBXFileReference; fileEncoding = 4; lastKnownFileType = sourcecode.c.objc; path = WBPopMenuSingleton.m; sourceTree = "<group>"; };
		0371B79E1D45E93000A841BA /* WBPopMenuView.h */ = {isa = PBXFileReference; fileEncoding = 4; lastKnownFileType = sourcecode.c.h; path = WBPopMenuView.h; sourceTree = "<group>"; };
		0371B79F1D45E93000A841BA /* WBPopMenuView.m */ = {isa = PBXFileReference; fileEncoding = 4; lastKnownFileType = sourcecode.c.objc; path = WBPopMenuView.m; sourceTree = "<group>"; };
		0371B7A01D45E93000A841BA /* WBPopMenuModel.h */ = {isa = PBXFileReference; fileEncoding = 4; lastKnownFileType = sourcecode.c.h; path = WBPopMenuModel.h; sourceTree = "<group>"; };
		0371B7A11D45E93000A841BA /* WBPopMenuModel.m */ = {isa = PBXFileReference; fileEncoding = 4; lastKnownFileType = sourcecode.c.objc; path = WBPopMenuModel.m; sourceTree = "<group>"; };
		0383D47B1D76A53100AA0D0C /* DeformationButton.h */ = {isa = PBXFileReference; fileEncoding = 4; lastKnownFileType = sourcecode.c.h; path = DeformationButton.h; sourceTree = "<group>"; };
		0383D47C1D76A53100AA0D0C /* DeformationButton.m */ = {isa = PBXFileReference; fileEncoding = 4; lastKnownFileType = sourcecode.c.objc; path = DeformationButton.m; sourceTree = "<group>"; };
		0383D47E1D76A53D00AA0D0C /* MMMaterialDesignSpinner.h */ = {isa = PBXFileReference; fileEncoding = 4; lastKnownFileType = sourcecode.c.h; path = MMMaterialDesignSpinner.h; sourceTree = "<group>"; };
		0383D47F1D76A53D00AA0D0C /* MMMaterialDesignSpinner.m */ = {isa = PBXFileReference; fileEncoding = 4; lastKnownFileType = sourcecode.c.objc; path = MMMaterialDesignSpinner.m; sourceTree = "<group>"; };
		038829941CC5222000C8E893 /* NSString+MD5.h */ = {isa = PBXFileReference; fileEncoding = 4; lastKnownFileType = sourcecode.c.h; path = "NSString+MD5.h"; sourceTree = "<group>"; };
		038829951CC5222000C8E893 /* NSString+MD5.m */ = {isa = PBXFileReference; fileEncoding = 4; lastKnownFileType = sourcecode.c.objc; path = "NSString+MD5.m"; sourceTree = "<group>"; };
		03AECBD91DB5B20D00EBA6C9 /* BaseViewController.h */ = {isa = PBXFileReference; fileEncoding = 4; lastKnownFileType = sourcecode.c.h; path = BaseViewController.h; sourceTree = "<group>"; };
		03AECBDA1DB5B20D00EBA6C9 /* BaseViewController.m */ = {isa = PBXFileReference; fileEncoding = 4; lastKnownFileType = sourcecode.c.objc; path = BaseViewController.m; sourceTree = "<group>"; };
		03C858A71DDACA35003DE90C /* JKAdapterLabel.h */ = {isa = PBXFileReference; fileEncoding = 4; lastKnownFileType = sourcecode.c.h; path = JKAdapterLabel.h; sourceTree = "<group>"; };
		03C858A81DDACA35003DE90C /* JKAdapterLabel.m */ = {isa = PBXFileReference; fileEncoding = 4; lastKnownFileType = sourcecode.c.objc; path = JKAdapterLabel.m; sourceTree = "<group>"; };
		03C858A91DDACA35003DE90C /* JKAlert.h */ = {isa = PBXFileReference; fileEncoding = 4; lastKnownFileType = sourcecode.c.h; path = JKAlert.h; sourceTree = "<group>"; };
		03C858AA1DDACA35003DE90C /* JKAlert.m */ = {isa = PBXFileReference; fileEncoding = 4; lastKnownFileType = sourcecode.c.objc; path = JKAlert.m; sourceTree = "<group>"; };
		03C858AB1DDACA35003DE90C /* JKAlertManager.h */ = {isa = PBXFileReference; fileEncoding = 4; lastKnownFileType = sourcecode.c.h; path = JKAlertManager.h; sourceTree = "<group>"; };
		03C858AC1DDACA35003DE90C /* JKAlertManager.m */ = {isa = PBXFileReference; fileEncoding = 4; lastKnownFileType = sourcecode.c.objc; path = JKAlertManager.m; sourceTree = "<group>"; };
		03C858AD1DDACA35003DE90C /* JKBaseView.h */ = {isa = PBXFileReference; fileEncoding = 4; lastKnownFileType = sourcecode.c.h; path = JKBaseView.h; sourceTree = "<group>"; };
		03C858AE1DDACA35003DE90C /* JKBaseView.m */ = {isa = PBXFileReference; fileEncoding = 4; lastKnownFileType = sourcecode.c.objc; path = JKBaseView.m; sourceTree = "<group>"; };
		03C858AF1DDACA35003DE90C /* JKInformView.h */ = {isa = PBXFileReference; fileEncoding = 4; lastKnownFileType = sourcecode.c.h; path = JKInformView.h; sourceTree = "<group>"; };
		03C858B01DDACA35003DE90C /* JKInformView.m */ = {isa = PBXFileReference; fileEncoding = 4; lastKnownFileType = sourcecode.c.objc; path = JKInformView.m; sourceTree = "<group>"; };
		03C858B11DDACA35003DE90C /* JKWaitingView.h */ = {isa = PBXFileReference; fileEncoding = 4; lastKnownFileType = sourcecode.c.h; path = JKWaitingView.h; sourceTree = "<group>"; };
		03C858B21DDACA35003DE90C /* JKWaitingView.m */ = {isa = PBXFileReference; fileEncoding = 4; lastKnownFileType = sourcecode.c.objc; path = JKWaitingView.m; sourceTree = "<group>"; };
		03C858B31DDACA35003DE90C /* NSObject+JKAlert.h */ = {isa = PBXFileReference; fileEncoding = 4; lastKnownFileType = sourcecode.c.h; path = "NSObject+JKAlert.h"; sourceTree = "<group>"; };
		03C858B41DDACA35003DE90C /* NSObject+JKAlert.m */ = {isa = PBXFileReference; fileEncoding = 4; lastKnownFileType = sourcecode.c.objc; path = "NSObject+JKAlert.m"; sourceTree = "<group>"; };
		03C858B51DDACA35003DE90C /* NSString+JKAlert.h */ = {isa = PBXFileReference; fileEncoding = 4; lastKnownFileType = sourcecode.c.h; path = "NSString+JKAlert.h"; sourceTree = "<group>"; };
		03C858B61DDACA35003DE90C /* NSString+JKAlert.m */ = {isa = PBXFileReference; fileEncoding = 4; lastKnownFileType = sourcecode.c.objc; path = "NSString+JKAlert.m"; sourceTree = "<group>"; };
		03C858B71DDACA35003DE90C /* UIView+JKAlert.h */ = {isa = PBXFileReference; fileEncoding = 4; lastKnownFileType = sourcecode.c.h; path = "UIView+JKAlert.h"; sourceTree = "<group>"; };
		03C858B81DDACA35003DE90C /* UIView+JKAlert.m */ = {isa = PBXFileReference; fileEncoding = 4; lastKnownFileType = sourcecode.c.objc; path = "UIView+JKAlert.m"; sourceTree = "<group>"; };
		03D9DA551DE529D900484B4A /* AFHTTPSessionManager.h */ = {isa = PBXFileReference; fileEncoding = 4; lastKnownFileType = sourcecode.c.h; path = AFHTTPSessionManager.h; sourceTree = "<group>"; };
		03D9DA561DE529D900484B4A /* AFHTTPSessionManager.m */ = {isa = PBXFileReference; fileEncoding = 4; lastKnownFileType = sourcecode.c.objc; path = AFHTTPSessionManager.m; sourceTree = "<group>"; };
		03D9DA571DE529D900484B4A /* AFNetworking.h */ = {isa = PBXFileReference; fileEncoding = 4; lastKnownFileType = sourcecode.c.h; path = AFNetworking.h; sourceTree = "<group>"; };
		03D9DA581DE529D900484B4A /* AFNetworkReachabilityManager.h */ = {isa = PBXFileReference; fileEncoding = 4; lastKnownFileType = sourcecode.c.h; path = AFNetworkReachabilityManager.h; sourceTree = "<group>"; };
		03D9DA591DE529D900484B4A /* AFNetworkReachabilityManager.m */ = {isa = PBXFileReference; fileEncoding = 4; lastKnownFileType = sourcecode.c.objc; path = AFNetworkReachabilityManager.m; sourceTree = "<group>"; };
		03D9DA5A1DE529D900484B4A /* AFSecurityPolicy.h */ = {isa = PBXFileReference; fileEncoding = 4; lastKnownFileType = sourcecode.c.h; path = AFSecurityPolicy.h; sourceTree = "<group>"; };
		03D9DA5B1DE529D900484B4A /* AFSecurityPolicy.m */ = {isa = PBXFileReference; fileEncoding = 4; lastKnownFileType = sourcecode.c.objc; path = AFSecurityPolicy.m; sourceTree = "<group>"; };
		03D9DA5C1DE529D900484B4A /* AFURLRequestSerialization.h */ = {isa = PBXFileReference; fileEncoding = 4; lastKnownFileType = sourcecode.c.h; path = AFURLRequestSerialization.h; sourceTree = "<group>"; };
		03D9DA5D1DE529D900484B4A /* AFURLRequestSerialization.m */ = {isa = PBXFileReference; fileEncoding = 4; lastKnownFileType = sourcecode.c.objc; path = AFURLRequestSerialization.m; sourceTree = "<group>"; };
		03D9DA5E1DE529D900484B4A /* AFURLResponseSerialization.h */ = {isa = PBXFileReference; fileEncoding = 4; lastKnownFileType = sourcecode.c.h; path = AFURLResponseSerialization.h; sourceTree = "<group>"; };
		03D9DA5F1DE529D900484B4A /* AFURLResponseSerialization.m */ = {isa = PBXFileReference; fileEncoding = 4; lastKnownFileType = sourcecode.c.objc; path = AFURLResponseSerialization.m; sourceTree = "<group>"; };
		03D9DA601DE529D900484B4A /* AFURLSessionManager.h */ = {isa = PBXFileReference; fileEncoding = 4; lastKnownFileType = sourcecode.c.h; path = AFURLSessionManager.h; sourceTree = "<group>"; };
		03D9DA611DE529D900484B4A /* AFURLSessionManager.m */ = {isa = PBXFileReference; fileEncoding = 4; lastKnownFileType = sourcecode.c.objc; path = AFURLSessionManager.m; sourceTree = "<group>"; };
		03D9DA6A1DE5346D00484B4A /* AFAutoPurgingImageCache.h */ = {isa = PBXFileReference; fileEncoding = 4; lastKnownFileType = sourcecode.c.h; path = AFAutoPurgingImageCache.h; sourceTree = "<group>"; };
		03D9DA6B1DE5346D00484B4A /* AFAutoPurgingImageCache.m */ = {isa = PBXFileReference; fileEncoding = 4; lastKnownFileType = sourcecode.c.objc; path = AFAutoPurgingImageCache.m; sourceTree = "<group>"; };
		03D9DA6C1DE5346D00484B4A /* AFImageDownloader.h */ = {isa = PBXFileReference; fileEncoding = 4; lastKnownFileType = sourcecode.c.h; path = AFImageDownloader.h; sourceTree = "<group>"; };
		03D9DA6D1DE5346D00484B4A /* AFImageDownloader.m */ = {isa = PBXFileReference; fileEncoding = 4; lastKnownFileType = sourcecode.c.objc; path = AFImageDownloader.m; sourceTree = "<group>"; };
		03D9DA6E1DE5346D00484B4A /* AFNetworkActivityIndicatorManager.h */ = {isa = PBXFileReference; fileEncoding = 4; lastKnownFileType = sourcecode.c.h; path = AFNetworkActivityIndicatorManager.h; sourceTree = "<group>"; };
		03D9DA6F1DE5346D00484B4A /* AFNetworkActivityIndicatorManager.m */ = {isa = PBXFileReference; fileEncoding = 4; lastKnownFileType = sourcecode.c.objc; path = AFNetworkActivityIndicatorManager.m; sourceTree = "<group>"; };
		03D9DA701DE5346D00484B4A /* UIActivityIndicatorView+AFNetworking.h */ = {isa = PBXFileReference; fileEncoding = 4; lastKnownFileType = sourcecode.c.h; path = "UIActivityIndicatorView+AFNetworking.h"; sourceTree = "<group>"; };
		03D9DA711DE5346D00484B4A /* UIActivityIndicatorView+AFNetworking.m */ = {isa = PBXFileReference; fileEncoding = 4; lastKnownFileType = sourcecode.c.objc; path = "UIActivityIndicatorView+AFNetworking.m"; sourceTree = "<group>"; };
		03D9DA721DE5346D00484B4A /* UIButton+AFNetworking.h */ = {isa = PBXFileReference; fileEncoding = 4; lastKnownFileType = sourcecode.c.h; path = "UIButton+AFNetworking.h"; sourceTree = "<group>"; };
		03D9DA731DE5346D00484B4A /* UIButton+AFNetworking.m */ = {isa = PBXFileReference; fileEncoding = 4; lastKnownFileType = sourcecode.c.objc; path = "UIButton+AFNetworking.m"; sourceTree = "<group>"; };
		03D9DA741DE5346D00484B4A /* UIImage+AFNetworking.h */ = {isa = PBXFileReference; fileEncoding = 4; lastKnownFileType = sourcecode.c.h; path = "UIImage+AFNetworking.h"; sourceTree = "<group>"; };
		03D9DA751DE5346D00484B4A /* UIImageView+AFNetworking.h */ = {isa = PBXFileReference; fileEncoding = 4; lastKnownFileType = sourcecode.c.h; path = "UIImageView+AFNetworking.h"; sourceTree = "<group>"; };
		03D9DA761DE5346D00484B4A /* UIImageView+AFNetworking.m */ = {isa = PBXFileReference; fileEncoding = 4; lastKnownFileType = sourcecode.c.objc; path = "UIImageView+AFNetworking.m"; sourceTree = "<group>"; };
		03D9DA771DE5346D00484B4A /* UIKit+AFNetworking.h */ = {isa = PBXFileReference; fileEncoding = 4; lastKnownFileType = sourcecode.c.h; path = "UIKit+AFNetworking.h"; sourceTree = "<group>"; };
		03D9DA781DE5346D00484B4A /* UIProgressView+AFNetworking.h */ = {isa = PBXFileReference; fileEncoding = 4; lastKnownFileType = sourcecode.c.h; path = "UIProgressView+AFNetworking.h"; sourceTree = "<group>"; };
		03D9DA791DE5346D00484B4A /* UIProgressView+AFNetworking.m */ = {isa = PBXFileReference; fileEncoding = 4; lastKnownFileType = sourcecode.c.objc; path = "UIProgressView+AFNetworking.m"; sourceTree = "<group>"; };
		03D9DA7A1DE5346D00484B4A /* UIRefreshControl+AFNetworking.h */ = {isa = PBXFileReference; fileEncoding = 4; lastKnownFileType = sourcecode.c.h; path = "UIRefreshControl+AFNetworking.h"; sourceTree = "<group>"; };
		03D9DA7B1DE5346D00484B4A /* UIRefreshControl+AFNetworking.m */ = {isa = PBXFileReference; fileEncoding = 4; lastKnownFileType = sourcecode.c.objc; path = "UIRefreshControl+AFNetworking.m"; sourceTree = "<group>"; };
		03D9DA7C1DE5346D00484B4A /* UIWebView+AFNetworking.h */ = {isa = PBXFileReference; fileEncoding = 4; lastKnownFileType = sourcecode.c.h; path = "UIWebView+AFNetworking.h"; sourceTree = "<group>"; };
		03D9DA7D1DE5346D00484B4A /* UIWebView+AFNetworking.m */ = {isa = PBXFileReference; fileEncoding = 4; lastKnownFileType = sourcecode.c.objc; path = "UIWebView+AFNetworking.m"; sourceTree = "<group>"; };
		03DF52951D7E5B2300183702 /* UIView+YALConstraints.h */ = {isa = PBXFileReference; fileEncoding = 4; lastKnownFileType = sourcecode.c.h; path = "UIView+YALConstraints.h"; sourceTree = "<group>"; };
		03DF52961D7E5B2300183702 /* UIView+YALConstraints.m */ = {isa = PBXFileReference; fileEncoding = 4; lastKnownFileType = sourcecode.c.objc; path = "UIView+YALConstraints.m"; sourceTree = "<group>"; };
		03DF52971D7E5B2300183702 /* YALContextMenuTableView.h */ = {isa = PBXFileReference; fileEncoding = 4; lastKnownFileType = sourcecode.c.h; path = YALContextMenuTableView.h; sourceTree = "<group>"; };
		03DF52981D7E5B2300183702 /* YALContextMenuTableView.m */ = {isa = PBXFileReference; fileEncoding = 4; lastKnownFileType = sourcecode.c.objc; path = YALContextMenuTableView.m; sourceTree = "<group>"; };
		03DF52991D7E5B2300183702 /* YALContextMenuCell.h */ = {isa = PBXFileReference; fileEncoding = 4; lastKnownFileType = sourcecode.c.h; path = YALContextMenuCell.h; sourceTree = "<group>"; };
		03FB3E191BFB675300B7DD5A /* libBaseFrameWork.a */ = {isa = PBXFileReference; explicitFileType = archive.ar; includeInIndex = 0; path = libBaseFrameWork.a; sourceTree = BUILT_PRODUCTS_DIR; };
		03FB3E1C1BFB675300B7DD5A /* BaseFrameWork.h */ = {isa = PBXFileReference; lastKnownFileType = sourcecode.c.h; path = BaseFrameWork.h; sourceTree = "<group>"; };
		03FB3E1E1BFB675300B7DD5A /* BaseFrameWork.m */ = {isa = PBXFileReference; lastKnownFileType = sourcecode.c.objc; path = BaseFrameWork.m; sourceTree = "<group>"; };
		03FB3E261BFB67B400B7DD5A /* SAViewController.h */ = {isa = PBXFileReference; fileEncoding = 4; lastKnownFileType = sourcecode.c.h; path = SAViewController.h; sourceTree = "<group>"; };
		03FB3E271BFB67B400B7DD5A /* SAViewController.m */ = {isa = PBXFileReference; fileEncoding = 4; lastKnownFileType = sourcecode.c.objc; path = SAViewController.m; sourceTree = "<group>"; };
		03FB3ECA1BFB686600B7DD5A /* AnimatedGIFImageSerialization.h */ = {isa = PBXFileReference; fileEncoding = 4; lastKnownFileType = sourcecode.c.h; path = AnimatedGIFImageSerialization.h; sourceTree = "<group>"; };
		03FB3ECB1BFB686600B7DD5A /* AnimatedGIFImageSerialization.m */ = {isa = PBXFileReference; fileEncoding = 4; lastKnownFileType = sourcecode.c.objc; path = AnimatedGIFImageSerialization.m; sourceTree = "<group>"; };
		03FB3ECC1BFB686600B7DD5A /* UIScrollView+UzysAnimatedGifPullToRefresh.h */ = {isa = PBXFileReference; fileEncoding = 4; lastKnownFileType = sourcecode.c.h; path = "UIScrollView+UzysAnimatedGifPullToRefresh.h"; sourceTree = "<group>"; };
		03FB3ECD1BFB686600B7DD5A /* UIScrollView+UzysAnimatedGifPullToRefresh.m */ = {isa = PBXFileReference; fileEncoding = 4; lastKnownFileType = sourcecode.c.objc; path = "UIScrollView+UzysAnimatedGifPullToRefresh.m"; sourceTree = "<group>"; };
		03FB3ECE1BFB686600B7DD5A /* UzysAnimatedGifActivityIndicator.h */ = {isa = PBXFileReference; fileEncoding = 4; lastKnownFileType = sourcecode.c.h; path = UzysAnimatedGifActivityIndicator.h; sourceTree = "<group>"; };
		03FB3ECF1BFB686600B7DD5A /* UzysAnimatedGifActivityIndicator.m */ = {isa = PBXFileReference; fileEncoding = 4; lastKnownFileType = sourcecode.c.objc; path = UzysAnimatedGifActivityIndicator.m; sourceTree = "<group>"; };
		03FB3ED01BFB686600B7DD5A /* UzysAnimatedGifPullToRefreshConfiguration.h */ = {isa = PBXFileReference; fileEncoding = 4; lastKnownFileType = sourcecode.c.h; path = UzysAnimatedGifPullToRefreshConfiguration.h; sourceTree = "<group>"; };
		03FB3ED51BFB68A400B7DD5A /* RCLabel.h */ = {isa = PBXFileReference; fileEncoding = 4; lastKnownFileType = sourcecode.c.h; path = RCLabel.h; sourceTree = "<group>"; };
		03FB3ED61BFB68A400B7DD5A /* RCLabel.m */ = {isa = PBXFileReference; fileEncoding = 4; lastKnownFileType = sourcecode.c.objc; path = RCLabel.m; sourceTree = "<group>"; };
		03FB3ED71BFB68A400B7DD5A /* SAWidthLabel.h */ = {isa = PBXFileReference; fileEncoding = 4; lastKnownFileType = sourcecode.c.h; path = SAWidthLabel.h; sourceTree = "<group>"; };
		03FB3ED81BFB68A400B7DD5A /* SAWidthLabel.m */ = {isa = PBXFileReference; fileEncoding = 4; lastKnownFileType = sourcecode.c.objc; path = SAWidthLabel.m; sourceTree = "<group>"; };
		03FB3ED91BFB68A400B7DD5A /* SAHeightenLabel.h */ = {isa = PBXFileReference; fileEncoding = 4; lastKnownFileType = sourcecode.c.h; path = SAHeightenLabel.h; sourceTree = "<group>"; };
		03FB3EDA1BFB68A400B7DD5A /* SAHeightenLabel.m */ = {isa = PBXFileReference; fileEncoding = 4; lastKnownFileType = sourcecode.c.objc; path = SAHeightenLabel.m; sourceTree = "<group>"; };
		03FB3EDB1BFB68A400B7DD5A /* SAHTMLHeightenLabel.h */ = {isa = PBXFileReference; fileEncoding = 4; lastKnownFileType = sourcecode.c.h; path = SAHTMLHeightenLabel.h; sourceTree = "<group>"; };
		03FB3EDC1BFB68A400B7DD5A /* SAHTMLHeightenLabel.m */ = {isa = PBXFileReference; fileEncoding = 4; lastKnownFileType = sourcecode.c.objc; path = SAHTMLHeightenLabel.m; sourceTree = "<group>"; };
		03FB3EDD1BFB68A400B7DD5A /* RoundImageView.h */ = {isa = PBXFileReference; fileEncoding = 4; lastKnownFileType = sourcecode.c.h; path = RoundImageView.h; sourceTree = "<group>"; };
		03FB3EDE1BFB68A400B7DD5A /* RoundImageView.m */ = {isa = PBXFileReference; fileEncoding = 4; lastKnownFileType = sourcecode.c.objc; path = RoundImageView.m; sourceTree = "<group>"; };
		03FB3EDF1BFB68A400B7DD5A /* RoundLabel.h */ = {isa = PBXFileReference; fileEncoding = 4; lastKnownFileType = sourcecode.c.h; path = RoundLabel.h; sourceTree = "<group>"; };
		03FB3EE01BFB68A400B7DD5A /* RoundLabel.m */ = {isa = PBXFileReference; fileEncoding = 4; lastKnownFileType = sourcecode.c.objc; path = RoundLabel.m; sourceTree = "<group>"; };
		03FB3EE81BFB68CB00B7DD5A /* SAKeyValueStore.h */ = {isa = PBXFileReference; fileEncoding = 4; lastKnownFileType = sourcecode.c.h; path = SAKeyValueStore.h; sourceTree = "<group>"; };
		03FB3EE91BFB68CB00B7DD5A /* SAKeyValueStore.m */ = {isa = PBXFileReference; fileEncoding = 4; lastKnownFileType = sourcecode.c.objc; path = SAKeyValueStore.m; sourceTree = "<group>"; };
		03FB3EFE1BFB691A00B7DD5A /* DXAlertView.h */ = {isa = PBXFileReference; fileEncoding = 4; lastKnownFileType = sourcecode.c.h; path = DXAlertView.h; sourceTree = "<group>"; };
		03FB3EFF1BFB691A00B7DD5A /* DXAlertView.m */ = {isa = PBXFileReference; fileEncoding = 4; lastKnownFileType = sourcecode.c.objc; path = DXAlertView.m; sourceTree = "<group>"; };
		03FB3F001BFB691A00B7DD5A /* GUAAlertView.h */ = {isa = PBXFileReference; fileEncoding = 4; lastKnownFileType = sourcecode.c.h; path = GUAAlertView.h; sourceTree = "<group>"; };
		03FB3F011BFB691A00B7DD5A /* GUAAlertView.m */ = {isa = PBXFileReference; fileEncoding = 4; lastKnownFileType = sourcecode.c.objc; path = GUAAlertView.m; sourceTree = "<group>"; };
		03FB3F051BFB693400B7DD5A /* SAURLManager.h */ = {isa = PBXFileReference; fileEncoding = 4; lastKnownFileType = sourcecode.c.h; path = SAURLManager.h; sourceTree = "<group>"; };
		03FB3F061BFB693400B7DD5A /* SAURLManager.m */ = {isa = PBXFileReference; fileEncoding = 4; lastKnownFileType = sourcecode.c.objc; path = SAURLManager.m; sourceTree = "<group>"; };
		03FB3F071BFB693400B7DD5A /* LocationManager.h */ = {isa = PBXFileReference; fileEncoding = 4; lastKnownFileType = sourcecode.c.h; path = LocationManager.h; sourceTree = "<group>"; };
		03FB3F081BFB693400B7DD5A /* LocationManager.m */ = {isa = PBXFileReference; fileEncoding = 4; lastKnownFileType = sourcecode.c.objc; path = LocationManager.m; sourceTree = "<group>"; };
		03FB3F091BFB693400B7DD5A /* ColorManager.h */ = {isa = PBXFileReference; fileEncoding = 4; lastKnownFileType = sourcecode.c.h; path = ColorManager.h; sourceTree = "<group>"; };
		03FB3F0A1BFB693400B7DD5A /* URLKeyManager.h */ = {isa = PBXFileReference; fileEncoding = 4; lastKnownFileType = sourcecode.c.h; path = URLKeyManager.h; sourceTree = "<group>"; };
		03FB3F0E1BFB695C00B7DD5A /* SAModel.h */ = {isa = PBXFileReference; fileEncoding = 4; lastKnownFileType = sourcecode.c.h; path = SAModel.h; sourceTree = "<group>"; };
		03FB3F0F1BFB695C00B7DD5A /* SAModel.m */ = {isa = PBXFileReference; fileEncoding = 4; lastKnownFileType = sourcecode.c.objc; path = SAModel.m; sourceTree = "<group>"; };
		03FB3F141BFB699500B7DD5A /* UIView+UIViewAdditions.h */ = {isa = PBXFileReference; fileEncoding = 4; lastKnownFileType = sourcecode.c.h; path = "UIView+UIViewAdditions.h"; sourceTree = "<group>"; };
		03FB3F151BFB699500B7DD5A /* UIView+UIViewAdditions.m */ = {isa = PBXFileReference; fileEncoding = 4; lastKnownFileType = sourcecode.c.objc; path = "UIView+UIViewAdditions.m"; sourceTree = "<group>"; };
		03FB3F191BFB69D400B7DD5A /* DHNetWorkingTask.h */ = {isa = PBXFileReference; fileEncoding = 4; lastKnownFileType = sourcecode.c.h; path = DHNetWorkingTask.h; sourceTree = "<group>"; };
		03FB3F1A1BFB69D400B7DD5A /* DHNetWorkingTask.m */ = {isa = PBXFileReference; fileEncoding = 4; lastKnownFileType = sourcecode.c.objc; path = DHNetWorkingTask.m; sourceTree = "<group>"; };
		03FB3F1B1BFB69D400B7DD5A /* SAReachabilityManager.h */ = {isa = PBXFileReference; fileEncoding = 4; lastKnownFileType = sourcecode.c.h; path = SAReachabilityManager.h; sourceTree = "<group>"; };
		03FB3F1C1BFB69D400B7DD5A /* SAReachabilityManager.m */ = {isa = PBXFileReference; fileEncoding = 4; lastKnownFileType = sourcecode.c.objc; path = SAReachabilityManager.m; sourceTree = "<group>"; };
		03FB3F201BFB6A7900B7DD5A /* DHKit.h */ = {isa = PBXFileReference; fileEncoding = 4; lastKnownFileType = sourcecode.c.h; name = DHKit.h; path = ../DHKit.h; sourceTree = "<group>"; };
		03FB3F351BFB71A000B7DD5A /* Reachability.h */ = {isa = PBXFileReference; fileEncoding = 4; lastKnownFileType = sourcecode.c.h; path = Reachability.h; sourceTree = "<group>"; };
		03FB3F361BFB71A000B7DD5A /* Reachability.m */ = {isa = PBXFileReference; fileEncoding = 4; lastKnownFileType = sourcecode.c.objc; path = Reachability.m; sourceTree = "<group>"; };
		03FB3FAB1BFB748300B7DD5A /* STAlertView.h */ = {isa = PBXFileReference; fileEncoding = 4; lastKnownFileType = sourcecode.c.h; path = STAlertView.h; sourceTree = "<group>"; };
		03FB3FAC1BFB748300B7DD5A /* STAlertView.m */ = {isa = PBXFileReference; fileEncoding = 4; lastKnownFileType = sourcecode.c.objc; path = STAlertView.m; sourceTree = "<group>"; };
		03FB3FAF1BFB749F00B7DD5A /* FMDatabase.h */ = {isa = PBXFileReference; fileEncoding = 4; lastKnownFileType = sourcecode.c.h; path = FMDatabase.h; sourceTree = "<group>"; };
		03FB3FB01BFB749F00B7DD5A /* FMDatabase.m */ = {isa = PBXFileReference; fileEncoding = 4; lastKnownFileType = sourcecode.c.objc; path = FMDatabase.m; sourceTree = "<group>"; };
		03FB3FB11BFB749F00B7DD5A /* FMDatabaseAdditions.h */ = {isa = PBXFileReference; fileEncoding = 4; lastKnownFileType = sourcecode.c.h; path = FMDatabaseAdditions.h; sourceTree = "<group>"; };
		03FB3FB21BFB749F00B7DD5A /* FMDatabaseAdditions.m */ = {isa = PBXFileReference; fileEncoding = 4; lastKnownFileType = sourcecode.c.objc; path = FMDatabaseAdditions.m; sourceTree = "<group>"; };
		03FB3FB31BFB749F00B7DD5A /* FMDatabasePool.h */ = {isa = PBXFileReference; fileEncoding = 4; lastKnownFileType = sourcecode.c.h; path = FMDatabasePool.h; sourceTree = "<group>"; };
		03FB3FB41BFB749F00B7DD5A /* FMDatabasePool.m */ = {isa = PBXFileReference; fileEncoding = 4; lastKnownFileType = sourcecode.c.objc; path = FMDatabasePool.m; sourceTree = "<group>"; };
		03FB3FB51BFB749F00B7DD5A /* FMDatabaseQueue.h */ = {isa = PBXFileReference; fileEncoding = 4; lastKnownFileType = sourcecode.c.h; path = FMDatabaseQueue.h; sourceTree = "<group>"; };
		03FB3FB61BFB749F00B7DD5A /* FMDatabaseQueue.m */ = {isa = PBXFileReference; fileEncoding = 4; lastKnownFileType = sourcecode.c.objc; path = FMDatabaseQueue.m; sourceTree = "<group>"; };
		03FB3FB71BFB749F00B7DD5A /* FMDB.h */ = {isa = PBXFileReference; fileEncoding = 4; lastKnownFileType = sourcecode.c.h; path = FMDB.h; sourceTree = "<group>"; };
		03FB3FB81BFB749F00B7DD5A /* FMResultSet.h */ = {isa = PBXFileReference; fileEncoding = 4; lastKnownFileType = sourcecode.c.h; path = FMResultSet.h; sourceTree = "<group>"; };
		03FB3FB91BFB749F00B7DD5A /* FMResultSet.m */ = {isa = PBXFileReference; fileEncoding = 4; lastKnownFileType = sourcecode.c.objc; path = FMResultSet.m; sourceTree = "<group>"; };
		03FB3FC01BFB750600B7DD5A /* SCLAlertView.h */ = {isa = PBXFileReference; fileEncoding = 4; lastKnownFileType = sourcecode.c.h; path = SCLAlertView.h; sourceTree = "<group>"; };
		03FB3FC11BFB750600B7DD5A /* SCLAlertView.m */ = {isa = PBXFileReference; fileEncoding = 4; lastKnownFileType = sourcecode.c.objc; path = SCLAlertView.m; sourceTree = "<group>"; };
		03FB3FC21BFB750600B7DD5A /* SCLAlertViewResponder.h */ = {isa = PBXFileReference; fileEncoding = 4; lastKnownFileType = sourcecode.c.h; path = SCLAlertViewResponder.h; sourceTree = "<group>"; };
		03FB3FC31BFB750600B7DD5A /* SCLAlertViewResponder.m */ = {isa = PBXFileReference; fileEncoding = 4; lastKnownFileType = sourcecode.c.objc; path = SCLAlertViewResponder.m; sourceTree = "<group>"; };
		03FB3FC41BFB750600B7DD5A /* SCLAlertViewStyleKit.h */ = {isa = PBXFileReference; fileEncoding = 4; lastKnownFileType = sourcecode.c.h; path = SCLAlertViewStyleKit.h; sourceTree = "<group>"; };
		03FB3FC51BFB750600B7DD5A /* SCLAlertViewStyleKit.m */ = {isa = PBXFileReference; fileEncoding = 4; lastKnownFileType = sourcecode.c.objc; path = SCLAlertViewStyleKit.m; sourceTree = "<group>"; };
		03FB3FC61BFB750600B7DD5A /* SCLButton.h */ = {isa = PBXFileReference; fileEncoding = 4; lastKnownFileType = sourcecode.c.h; path = SCLButton.h; sourceTree = "<group>"; };
		03FB3FC71BFB750600B7DD5A /* SCLButton.m */ = {isa = PBXFileReference; fileEncoding = 4; lastKnownFileType = sourcecode.c.objc; path = SCLButton.m; sourceTree = "<group>"; };
		03FB40481BFC7D0900B7DD5A /* UIImage+KVNEmpty.h */ = {isa = PBXFileReference; fileEncoding = 4; lastKnownFileType = sourcecode.c.h; path = "UIImage+KVNEmpty.h"; sourceTree = "<group>"; };
		03FB40491BFC7D0900B7DD5A /* UIImage+KVNEmpty.m */ = {isa = PBXFileReference; fileEncoding = 4; lastKnownFileType = sourcecode.c.objc; path = "UIImage+KVNEmpty.m"; sourceTree = "<group>"; };
		03FB404A1BFC7D0900B7DD5A /* UIImage+KVNImageEffects.h */ = {isa = PBXFileReference; fileEncoding = 4; lastKnownFileType = sourcecode.c.h; path = "UIImage+KVNImageEffects.h"; sourceTree = "<group>"; };
		03FB404B1BFC7D0900B7DD5A /* UIImage+KVNImageEffects.m */ = {isa = PBXFileReference; fileEncoding = 4; lastKnownFileType = sourcecode.c.objc; path = "UIImage+KVNImageEffects.m"; sourceTree = "<group>"; };
		03FB404D1BFC7D0900B7DD5A /* KVNProgress.h */ = {isa = PBXFileReference; fileEncoding = 4; lastKnownFileType = sourcecode.c.h; path = KVNProgress.h; sourceTree = "<group>"; };
		03FB404E1BFC7D0900B7DD5A /* KVNProgress.m */ = {isa = PBXFileReference; fileEncoding = 4; lastKnownFileType = sourcecode.c.objc; path = KVNProgress.m; sourceTree = "<group>"; };
		03FB40501BFC7D0900B7DD5A /* KVNProgressView.xib */ = {isa = PBXFileReference; fileEncoding = 4; lastKnownFileType = file.xib; path = KVNProgressView.xib; sourceTree = "<group>"; };
		03FB40581BFC7F9800B7DD5A /* BaseFrameWorkBoundle.bundle */ = {isa = PBXFileReference; explicitFileType = wrapper.cfbundle; includeInIndex = 0; path = BaseFrameWorkBoundle.bundle; sourceTree = BUILT_PRODUCTS_DIR; };
		03FB405A1BFC7F9800B7DD5A /* Info.plist */ = {isa = PBXFileReference; lastKnownFileType = text.plist.xml; path = Info.plist; sourceTree = "<group>"; };
/* End PBXFileReference section */

/* Begin PBXFrameworksBuildPhase section */
		03FB3E161BFB675300B7DD5A /* Frameworks */ = {
			isa = PBXFrameworksBuildPhase;
			buildActionMask = 2147483647;
			files = (
			);
			runOnlyForDeploymentPostprocessing = 0;
		};
		03FB40551BFC7F9800B7DD5A /* Frameworks */ = {
			isa = PBXFrameworksBuildPhase;
			buildActionMask = 2147483647;
			files = (
			);
			runOnlyForDeploymentPostprocessing = 0;
		};
/* End PBXFrameworksBuildPhase section */

/* Begin PBXGroup section */
		0300AFB61CDDA77400611A42 /* UIComponents */ = {
			isa = PBXGroup;
			children = (
				03DF52941D7E5AD600183702 /* SidePull */,
				034EB4E31CE37FB7002FFF32 /* SAFullSizeImageControl.h */,
				034EB4E41CE37FB7002FFF32 /* SAFullSizeImageControl.m */,
				034EB4E51CE37FB7002FFF32 /* SAFullSizeImagesControl.h */,
				034EB4E61CE37FB7002FFF32 /* SAFullSizeImagesControl.m */,
				0383D47A1D76A51E00AA0D0C /* DeformationButton */,
				0371B7951D45E90C00A841BA /* PopMenuView */,
			);
			name = UIComponents;
			path = ..;
			sourceTree = "<group>";
		};
		0300B0831CDE462100611A42 /* SDWebImage */ = {
			isa = PBXGroup;
			children = (
				0300B0841CDE462100611A42 /* MKAnnotationView+WebCache.h */,
				0300B0851CDE462100611A42 /* MKAnnotationView+WebCache.m */,
				0300B0861CDE462100611A42 /* NSData+ImageContentType.h */,
				0300B0871CDE462100611A42 /* NSData+ImageContentType.m */,
				0300B0881CDE462100611A42 /* SDImageCache.h */,
				0300B0891CDE462100611A42 /* SDImageCache.m */,
				0300B08A1CDE462100611A42 /* SDWebImageCompat.h */,
				0300B08B1CDE462100611A42 /* SDWebImageCompat.m */,
				0300B08C1CDE462100611A42 /* SDWebImageDecoder.h */,
				0300B08D1CDE462100611A42 /* SDWebImageDecoder.m */,
				0300B08E1CDE462100611A42 /* SDWebImageDownloader.h */,
				0300B08F1CDE462100611A42 /* SDWebImageDownloader.m */,
				0300B0901CDE462100611A42 /* SDWebImageDownloaderOperation.h */,
				0300B0911CDE462100611A42 /* SDWebImageDownloaderOperation.m */,
				0300B0921CDE462100611A42 /* SDWebImageManager.h */,
				0300B0931CDE462100611A42 /* SDWebImageManager.m */,
				0300B0941CDE462100611A42 /* SDWebImageOperation.h */,
				0300B0951CDE462100611A42 /* SDWebImagePrefetcher.h */,
				0300B0961CDE462100611A42 /* SDWebImagePrefetcher.m */,
				0300B0971CDE462100611A42 /* UIButton+WebCache.h */,
				0300B0981CDE462100611A42 /* UIButton+WebCache.m */,
				0300B0991CDE462100611A42 /* UIImage+GIF.h */,
				0300B09A1CDE462100611A42 /* UIImage+GIF.m */,
				0300B09B1CDE462100611A42 /* UIImage+MultiFormat.h */,
				0300B09C1CDE462100611A42 /* UIImage+MultiFormat.m */,
				0300B09D1CDE462100611A42 /* UIImage+WebP.h */,
				0300B09E1CDE462100611A42 /* UIImage+WebP.m */,
				0300B09F1CDE462100611A42 /* UIImageView+HighlightedWebCache.h */,
				0300B0A01CDE462100611A42 /* UIImageView+HighlightedWebCache.m */,
				0300B0A11CDE462100611A42 /* UIImageView+WebCache.h */,
				0300B0A21CDE462100611A42 /* UIImageView+WebCache.m */,
				0300B0A31CDE462100611A42 /* UIView+WebCacheOperation.h */,
				0300B0A41CDE462100611A42 /* UIView+WebCacheOperation.m */,
			);
			path = SDWebImage;
			sourceTree = "<group>";
		};
		0300B0CA1CDEF6A300611A42 /* LCActionSheet */ = {
			isa = PBXGroup;
			children = (
				0300B0CB1CDEF6A300611A42 /* LCActionSheet.bundle */,
				0300B0CC1CDEF6A300611A42 /* LCActionSheet.h */,
				0300B0CD1CDEF6A300611A42 /* LCActionSheet.m */,
			);
			path = LCActionSheet;
			sourceTree = "<group>";
		};
		0371B7951D45E90C00A841BA /* PopMenuView */ = {
			isa = PBXGroup;
			children = (
				0371B7961D45E93000A841BA /* WBTableViewCell.h */,
				0371B7971D45E93000A841BA /* WBTableViewCell.m */,
				0371B7981D45E93000A841BA /* WBTableViewDataSource.h */,
				0371B7991D45E93000A841BA /* WBTableViewDataSource.m */,
				0371B79A1D45E93000A841BA /* WBTableViewDelegate.h */,
				0371B79B1D45E93000A841BA /* WBTableViewDelegate.m */,
				0371B79C1D45E93000A841BA /* WBPopMenuSingleton.h */,
				0371B79D1D45E93000A841BA /* WBPopMenuSingleton.m */,
				0371B79E1D45E93000A841BA /* WBPopMenuView.h */,
				0371B79F1D45E93000A841BA /* WBPopMenuView.m */,
				0371B7A01D45E93000A841BA /* WBPopMenuModel.h */,
				0371B7A11D45E93000A841BA /* WBPopMenuModel.m */,
			);
			name = PopMenuView;
			sourceTree = "<group>";
		};
		0383D47A1D76A51E00AA0D0C /* DeformationButton */ = {
			isa = PBXGroup;
			children = (
				0383D47E1D76A53D00AA0D0C /* MMMaterialDesignSpinner.h */,
				0383D47F1D76A53D00AA0D0C /* MMMaterialDesignSpinner.m */,
				0383D47B1D76A53100AA0D0C /* DeformationButton.h */,
				0383D47C1D76A53100AA0D0C /* DeformationButton.m */,
			);
			name = DeformationButton;
			sourceTree = "<group>";
		};
		03C858A61DDACA35003DE90C /* JKAlertAssemble */ = {
			isa = PBXGroup;
			children = (
				03C858A71DDACA35003DE90C /* JKAdapterLabel.h */,
				03C858A81DDACA35003DE90C /* JKAdapterLabel.m */,
				03C858A91DDACA35003DE90C /* JKAlert.h */,
				03C858AA1DDACA35003DE90C /* JKAlert.m */,
				03C858AB1DDACA35003DE90C /* JKAlertManager.h */,
				03C858AC1DDACA35003DE90C /* JKAlertManager.m */,
				03C858AD1DDACA35003DE90C /* JKBaseView.h */,
				03C858AE1DDACA35003DE90C /* JKBaseView.m */,
				03C858AF1DDACA35003DE90C /* JKInformView.h */,
				03C858B01DDACA35003DE90C /* JKInformView.m */,
				03C858B11DDACA35003DE90C /* JKWaitingView.h */,
				03C858B21DDACA35003DE90C /* JKWaitingView.m */,
				03C858B31DDACA35003DE90C /* NSObject+JKAlert.h */,
				03C858B41DDACA35003DE90C /* NSObject+JKAlert.m */,
				03C858B51DDACA35003DE90C /* NSString+JKAlert.h */,
				03C858B61DDACA35003DE90C /* NSString+JKAlert.m */,
				03C858B71DDACA35003DE90C /* UIView+JKAlert.h */,
				03C858B81DDACA35003DE90C /* UIView+JKAlert.m */,
			);
			path = JKAlertAssemble;
			sourceTree = "<group>";
		};
		03D9DA541DE529D900484B4A /* AFNetworking */ = {
			isa = PBXGroup;
			children = (
				03D9DA551DE529D900484B4A /* AFHTTPSessionManager.h */,
				03D9DA561DE529D900484B4A /* AFHTTPSessionManager.m */,
				03D9DA571DE529D900484B4A /* AFNetworking.h */,
				03D9DA581DE529D900484B4A /* AFNetworkReachabilityManager.h */,
				03D9DA591DE529D900484B4A /* AFNetworkReachabilityManager.m */,
				03D9DA5A1DE529D900484B4A /* AFSecurityPolicy.h */,
				03D9DA5B1DE529D900484B4A /* AFSecurityPolicy.m */,
				03D9DA5C1DE529D900484B4A /* AFURLRequestSerialization.h */,
				03D9DA5D1DE529D900484B4A /* AFURLRequestSerialization.m */,
				03D9DA5E1DE529D900484B4A /* AFURLResponseSerialization.h */,
				03D9DA5F1DE529D900484B4A /* AFURLResponseSerialization.m */,
				03D9DA601DE529D900484B4A /* AFURLSessionManager.h */,
				03D9DA611DE529D900484B4A /* AFURLSessionManager.m */,
			);
			path = AFNetworking;
			sourceTree = "<group>";
		};
		03D9DA691DE5346D00484B4A /* UIKit+AFNetworking */ = {
			isa = PBXGroup;
			children = (
				03D9DA6A1DE5346D00484B4A /* AFAutoPurgingImageCache.h */,
				03D9DA6B1DE5346D00484B4A /* AFAutoPurgingImageCache.m */,
				03D9DA6C1DE5346D00484B4A /* AFImageDownloader.h */,
				03D9DA6D1DE5346D00484B4A /* AFImageDownloader.m */,
				03D9DA6E1DE5346D00484B4A /* AFNetworkActivityIndicatorManager.h */,
				03D9DA6F1DE5346D00484B4A /* AFNetworkActivityIndicatorManager.m */,
				03D9DA701DE5346D00484B4A /* UIActivityIndicatorView+AFNetworking.h */,
				03D9DA711DE5346D00484B4A /* UIActivityIndicatorView+AFNetworking.m */,
				03D9DA721DE5346D00484B4A /* UIButton+AFNetworking.h */,
				03D9DA731DE5346D00484B4A /* UIButton+AFNetworking.m */,
				03D9DA741DE5346D00484B4A /* UIImage+AFNetworking.h */,
				03D9DA751DE5346D00484B4A /* UIImageView+AFNetworking.h */,
				03D9DA761DE5346D00484B4A /* UIImageView+AFNetworking.m */,
				03D9DA771DE5346D00484B4A /* UIKit+AFNetworking.h */,
				03D9DA781DE5346D00484B4A /* UIProgressView+AFNetworking.h */,
				03D9DA791DE5346D00484B4A /* UIProgressView+AFNetworking.m */,
				03D9DA7A1DE5346D00484B4A /* UIRefreshControl+AFNetworking.h */,
				03D9DA7B1DE5346D00484B4A /* UIRefreshControl+AFNetworking.m */,
				03D9DA7C1DE5346D00484B4A /* UIWebView+AFNetworking.h */,
				03D9DA7D1DE5346D00484B4A /* UIWebView+AFNetworking.m */,
			);
			path = "UIKit+AFNetworking";
			sourceTree = "<group>";
		};
		03DF52941D7E5AD600183702 /* SidePull */ = {
			isa = PBXGroup;
			children = (
				03DF52951D7E5B2300183702 /* UIView+YALConstraints.h */,
				03DF52961D7E5B2300183702 /* UIView+YALConstraints.m */,
				03DF52971D7E5B2300183702 /* YALContextMenuTableView.h */,
				03DF52981D7E5B2300183702 /* YALContextMenuTableView.m */,
				03DF52991D7E5B2300183702 /* YALContextMenuCell.h */,
			);
			name = SidePull;
			sourceTree = "<group>";
		};
		03FB3E101BFB675300B7DD5A = {
			isa = PBXGroup;
			children = (
				03FB3E1B1BFB675300B7DD5A /* BaseFrameWork */,
				03FB40591BFC7F9800B7DD5A /* BaseFrameWorkBoundle */,
				03FB3E1A1BFB675300B7DD5A /* Products */,
			);
			sourceTree = "<group>";
		};
		03FB3E1A1BFB675300B7DD5A /* Products */ = {
			isa = PBXGroup;
			children = (
				03FB3E191BFB675300B7DD5A /* libBaseFrameWork.a */,
				03FB40581BFC7F9800B7DD5A /* BaseFrameWorkBoundle.bundle */,
			);
			name = Products;
			sourceTree = "<group>";
		};
		03FB3E1B1BFB675300B7DD5A /* BaseFrameWork */ = {
			isa = PBXGroup;
			children = (
				03FB3F201BFB6A7900B7DD5A /* DHKit.h */,
				0300AFB61CDDA77400611A42 /* UIComponents */,
				03FB3F181BFB69A600B7DD5A /* Tool */,
				03FB3F111BFB698900B7DD5A /* Category */,
				03FB3F0D1BFB694F00B7DD5A /* BaseModel */,
				03FB3F041BFB692300B7DD5A /* Manager */,
				03FB3EE71BFB68B100B7DD5A /* FMDBDataBase */,
				03FB3ED41BFB687700B7DD5A /* CustomUIKit */,
				03FB3EC91BFB684200B7DD5A /* Refresh */,
				03FB3E291BFB67FC00B7DD5A /* ThirdParty */,
				03FB3E251BFB678E00B7DD5A /* BaseViewController */,
				03FB3E1C1BFB675300B7DD5A /* BaseFrameWork.h */,
				03FB3E1E1BFB675300B7DD5A /* BaseFrameWork.m */,
			);
			path = BaseFrameWork;
			sourceTree = "<group>";
		};
		03FB3E251BFB678E00B7DD5A /* BaseViewController */ = {
			isa = PBXGroup;
			children = (
				033B01CA1DCAE103001E23A9 /* ZWIntroductionViewController.h */,
				033B01CB1DCAE103001E23A9 /* ZWIntroductionViewController.m */,
				03FB3E261BFB67B400B7DD5A /* SAViewController.h */,
				03FB3E271BFB67B400B7DD5A /* SAViewController.m */,
				03AECBD91DB5B20D00EBA6C9 /* BaseViewController.h */,
				03AECBDA1DB5B20D00EBA6C9 /* BaseViewController.m */,
			);
			name = BaseViewController;
			sourceTree = "<group>";
		};
		03FB3E291BFB67FC00B7DD5A /* ThirdParty */ = {
			isa = PBXGroup;
			children = (
				03D9DA691DE5346D00484B4A /* UIKit+AFNetworking */,
				03D9DA541DE529D900484B4A /* AFNetworking */,
				0300B0831CDE462100611A42 /* SDWebImage */,
				03FB40461BFC7D0900B7DD5A /* KVNProgress */,
				03FB3FAE1BFB749F00B7DD5A /* FMDB */,
				03FB3F341BFB718000B7DD5A /* Reachability */,
			);
			name = ThirdParty;
			sourceTree = "<group>";
		};
		03FB3EC91BFB684200B7DD5A /* Refresh */ = {
			isa = PBXGroup;
			children = (
				03FB3ECA1BFB686600B7DD5A /* AnimatedGIFImageSerialization.h */,
				03FB3ECB1BFB686600B7DD5A /* AnimatedGIFImageSerialization.m */,
				03FB3ECC1BFB686600B7DD5A /* UIScrollView+UzysAnimatedGifPullToRefresh.h */,
				03FB3ECD1BFB686600B7DD5A /* UIScrollView+UzysAnimatedGifPullToRefresh.m */,
				03FB3ECE1BFB686600B7DD5A /* UzysAnimatedGifActivityIndicator.h */,
				03FB3ECF1BFB686600B7DD5A /* UzysAnimatedGifActivityIndicator.m */,
				03FB3ED01BFB686600B7DD5A /* UzysAnimatedGifPullToRefreshConfiguration.h */,
			);
			name = Refresh;
			sourceTree = "<group>";
		};
		03FB3ED41BFB687700B7DD5A /* CustomUIKit */ = {
			isa = PBXGroup;
			children = (
				03C858A61DDACA35003DE90C /* JKAlertAssemble */,
				0300B0CA1CDEF6A300611A42 /* LCActionSheet */,
				03FB3EEB1BFB68E200B7DD5A /* AlertView */,
				03FB3ED51BFB68A400B7DD5A /* RCLabel.h */,
				03FB3ED61BFB68A400B7DD5A /* RCLabel.m */,
				03FB3ED71BFB68A400B7DD5A /* SAWidthLabel.h */,
				03FB3ED81BFB68A400B7DD5A /* SAWidthLabel.m */,
				03FB3ED91BFB68A400B7DD5A /* SAHeightenLabel.h */,
				03FB3EDA1BFB68A400B7DD5A /* SAHeightenLabel.m */,
				03FB3EDB1BFB68A400B7DD5A /* SAHTMLHeightenLabel.h */,
				03FB3EDC1BFB68A400B7DD5A /* SAHTMLHeightenLabel.m */,
				03FB3EDD1BFB68A400B7DD5A /* RoundImageView.h */,
				03FB3EDE1BFB68A400B7DD5A /* RoundImageView.m */,
				03FB3EDF1BFB68A400B7DD5A /* RoundLabel.h */,
				03FB3EE01BFB68A400B7DD5A /* RoundLabel.m */,
			);
			name = CustomUIKit;
			sourceTree = "<group>";
		};
		03FB3EE71BFB68B100B7DD5A /* FMDBDataBase */ = {
			isa = PBXGroup;
			children = (
				03FB3EE81BFB68CB00B7DD5A /* SAKeyValueStore.h */,
				03FB3EE91BFB68CB00B7DD5A /* SAKeyValueStore.m */,
			);
			name = FMDBDataBase;
			sourceTree = "<group>";
		};
		03FB3EEB1BFB68E200B7DD5A /* AlertView */ = {
			isa = PBXGroup;
			children = (
				03FB3FAB1BFB748300B7DD5A /* STAlertView.h */,
				03FB3FAC1BFB748300B7DD5A /* STAlertView.m */,
				03FB3EFE1BFB691A00B7DD5A /* DXAlertView.h */,
				03FB3EFF1BFB691A00B7DD5A /* DXAlertView.m */,
				03FB3F001BFB691A00B7DD5A /* GUAAlertView.h */,
				03FB3F011BFB691A00B7DD5A /* GUAAlertView.m */,
				03FB3EEC1BFB68EC00B7DD5A /* SCLAlertView */,
			);
			name = AlertView;
			sourceTree = "<group>";
		};
		03FB3EEC1BFB68EC00B7DD5A /* SCLAlertView */ = {
			isa = PBXGroup;
			children = (
				03FB3FBF1BFB750600B7DD5A /* SCLAlertView */,
			);
			name = SCLAlertView;
			sourceTree = "<group>";
		};
		03FB3F041BFB692300B7DD5A /* Manager */ = {
			isa = PBXGroup;
			children = (
				03FB3F051BFB693400B7DD5A /* SAURLManager.h */,
				03FB3F061BFB693400B7DD5A /* SAURLManager.m */,
				03FB3F071BFB693400B7DD5A /* LocationManager.h */,
				03FB3F081BFB693400B7DD5A /* LocationManager.m */,
				03FB3F091BFB693400B7DD5A /* ColorManager.h */,
				03FB3F0A1BFB693400B7DD5A /* URLKeyManager.h */,
			);
			name = Manager;
			sourceTree = "<group>";
		};
		03FB3F0D1BFB694F00B7DD5A /* BaseModel */ = {
			isa = PBXGroup;
			children = (
				03FB3F0E1BFB695C00B7DD5A /* SAModel.h */,
				03FB3F0F1BFB695C00B7DD5A /* SAModel.m */,
			);
			name = BaseModel;
			sourceTree = "<group>";
		};
		03FB3F111BFB698900B7DD5A /* Category */ = {
			isa = PBXGroup;
			children = (
				03FB3F141BFB699500B7DD5A /* UIView+UIViewAdditions.h */,
				03FB3F151BFB699500B7DD5A /* UIView+UIViewAdditions.m */,
			);
			name = Category;
			sourceTree = "<group>";
		};
		03FB3F181BFB69A600B7DD5A /* Tool */ = {
			isa = PBXGroup;
			children = (
				038829941CC5222000C8E893 /* NSString+MD5.h */,
				038829951CC5222000C8E893 /* NSString+MD5.m */,
				03FB3F191BFB69D400B7DD5A /* DHNetWorkingTask.h */,
				03FB3F1A1BFB69D400B7DD5A /* DHNetWorkingTask.m */,
				03FB3F1B1BFB69D400B7DD5A /* SAReachabilityManager.h */,
				03FB3F1C1BFB69D400B7DD5A /* SAReachabilityManager.m */,
				0309A32A1CB23CCB00CBE9A0 /* RegularExpression.h */,
				0309A32B1CB23CCB00CBE9A0 /* RegularExpression.m */,
			);
			name = Tool;
			sourceTree = "<group>";
		};
		03FB3F341BFB718000B7DD5A /* Reachability */ = {
			isa = PBXGroup;
			children = (
				03FB3F351BFB71A000B7DD5A /* Reachability.h */,
				03FB3F361BFB71A000B7DD5A /* Reachability.m */,
			);
			name = Reachability;
			sourceTree = "<group>";
		};
		03FB3FAE1BFB749F00B7DD5A /* FMDB */ = {
			isa = PBXGroup;
			children = (
				03FB3FAF1BFB749F00B7DD5A /* FMDatabase.h */,
				03FB3FB01BFB749F00B7DD5A /* FMDatabase.m */,
				03FB3FB11BFB749F00B7DD5A /* FMDatabaseAdditions.h */,
				03FB3FB21BFB749F00B7DD5A /* FMDatabaseAdditions.m */,
				03FB3FB31BFB749F00B7DD5A /* FMDatabasePool.h */,
				03FB3FB41BFB749F00B7DD5A /* FMDatabasePool.m */,
				03FB3FB51BFB749F00B7DD5A /* FMDatabaseQueue.h */,
				03FB3FB61BFB749F00B7DD5A /* FMDatabaseQueue.m */,
				03FB3FB71BFB749F00B7DD5A /* FMDB.h */,
				03FB3FB81BFB749F00B7DD5A /* FMResultSet.h */,
				03FB3FB91BFB749F00B7DD5A /* FMResultSet.m */,
			);
			path = FMDB;
			sourceTree = "<group>";
		};
		03FB3FBF1BFB750600B7DD5A /* SCLAlertView */ = {
			isa = PBXGroup;
			children = (
				03FB3FC01BFB750600B7DD5A /* SCLAlertView.h */,
				03FB3FC11BFB750600B7DD5A /* SCLAlertView.m */,
				03FB3FC21BFB750600B7DD5A /* SCLAlertViewResponder.h */,
				03FB3FC31BFB750600B7DD5A /* SCLAlertViewResponder.m */,
				03FB3FC41BFB750600B7DD5A /* SCLAlertViewStyleKit.h */,
				03FB3FC51BFB750600B7DD5A /* SCLAlertViewStyleKit.m */,
				03FB3FC61BFB750600B7DD5A /* SCLButton.h */,
				03FB3FC71BFB750600B7DD5A /* SCLButton.m */,
			);
			path = SCLAlertView;
			sourceTree = "<group>";
		};
		03FB40461BFC7D0900B7DD5A /* KVNProgress */ = {
			isa = PBXGroup;
			children = (
				03FB40471BFC7D0900B7DD5A /* Categories */,
				03FB404C1BFC7D0900B7DD5A /* Classes */,
				03FB404F1BFC7D0900B7DD5A /* Resources */,
			);
			path = KVNProgress;
			sourceTree = "<group>";
		};
		03FB40471BFC7D0900B7DD5A /* Categories */ = {
			isa = PBXGroup;
			children = (
				03FB40481BFC7D0900B7DD5A /* UIImage+KVNEmpty.h */,
				03FB40491BFC7D0900B7DD5A /* UIImage+KVNEmpty.m */,
				03FB404A1BFC7D0900B7DD5A /* UIImage+KVNImageEffects.h */,
				03FB404B1BFC7D0900B7DD5A /* UIImage+KVNImageEffects.m */,
			);
			path = Categories;
			sourceTree = "<group>";
		};
		03FB404C1BFC7D0900B7DD5A /* Classes */ = {
			isa = PBXGroup;
			children = (
				03FB404D1BFC7D0900B7DD5A /* KVNProgress.h */,
				03FB404E1BFC7D0900B7DD5A /* KVNProgress.m */,
			);
			path = Classes;
			sourceTree = "<group>";
		};
		03FB404F1BFC7D0900B7DD5A /* Resources */ = {
			isa = PBXGroup;
			children = (
				03FB40501BFC7D0900B7DD5A /* KVNProgressView.xib */,
			);
			path = Resources;
			sourceTree = "<group>";
		};
		03FB40591BFC7F9800B7DD5A /* BaseFrameWorkBoundle */ = {
			isa = PBXGroup;
			children = (
				03FB405A1BFC7F9800B7DD5A /* Info.plist */,
			);
			path = BaseFrameWorkBoundle;
			sourceTree = "<group>";
		};
/* End PBXGroup section */

/* Begin PBXNativeTarget section */
		03FB3E181BFB675300B7DD5A /* BaseFrameWork */ = {
			isa = PBXNativeTarget;
			buildConfigurationList = 03FB3E221BFB675300B7DD5A /* Build configuration list for PBXNativeTarget "BaseFrameWork" */;
			buildPhases = (
				03FB3E151BFB675300B7DD5A /* Sources */,
				03FB3E161BFB675300B7DD5A /* Frameworks */,
				03FB3E171BFB675300B7DD5A /* CopyFiles */,
			);
			buildRules = (
			);
			dependencies = (
			);
			name = BaseFrameWork;
			productName = BaseFrameWork;
			productReference = 03FB3E191BFB675300B7DD5A /* libBaseFrameWork.a */;
			productType = "com.apple.product-type.library.static";
		};
		03FB40571BFC7F9800B7DD5A /* BaseFrameWorkBoundle */ = {
			isa = PBXNativeTarget;
			buildConfigurationList = 03FB405B1BFC7F9800B7DD5A /* Build configuration list for PBXNativeTarget "BaseFrameWorkBoundle" */;
			buildPhases = (
				03FB40541BFC7F9800B7DD5A /* Sources */,
				03FB40551BFC7F9800B7DD5A /* Frameworks */,
				03FB40561BFC7F9800B7DD5A /* Resources */,
			);
			buildRules = (
			);
			dependencies = (
			);
			name = BaseFrameWorkBoundle;
			productName = BaseFrameWorkBoundle;
			productReference = 03FB40581BFC7F9800B7DD5A /* BaseFrameWorkBoundle.bundle */;
			productType = "com.apple.product-type.bundle";
		};
/* End PBXNativeTarget section */

/* Begin PBXProject section */
		03FB3E111BFB675300B7DD5A /* Project object */ = {
			isa = PBXProject;
			attributes = {
				LastUpgradeCheck = 0710;
				ORGANIZATIONNAME = WJN;
				TargetAttributes = {
					03FB3E181BFB675300B7DD5A = {
						CreatedOnToolsVersion = 7.1.1;
					};
					03FB40571BFC7F9800B7DD5A = {
						CreatedOnToolsVersion = 7.1.1;
					};
				};
			};
			buildConfigurationList = 03FB3E141BFB675300B7DD5A /* Build configuration list for PBXProject "BaseFrameWork" */;
			compatibilityVersion = "Xcode 3.2";
			developmentRegion = English;
			hasScannedForEncodings = 0;
			knownRegions = (
				en,
			);
			mainGroup = 03FB3E101BFB675300B7DD5A;
			productRefGroup = 03FB3E1A1BFB675300B7DD5A /* Products */;
			projectDirPath = "";
			projectRoot = "";
			targets = (
				03FB3E181BFB675300B7DD5A /* BaseFrameWork */,
				03FB40571BFC7F9800B7DD5A /* BaseFrameWorkBoundle */,
			);
		};
/* End PBXProject section */

/* Begin PBXResourcesBuildPhase section */
		03FB40561BFC7F9800B7DD5A /* Resources */ = {
			isa = PBXResourcesBuildPhase;
			buildActionMask = 2147483647;
			files = (
				0313060D1CE3808500D15912 /* LCActionSheet.bundle in Resources */,
				03FB40631BFC807600B7DD5A /* KVNProgressView.xib in Resources */,
			);
			runOnlyForDeploymentPostprocessing = 0;
		};
/* End PBXResourcesBuildPhase section */

/* Begin PBXSourcesBuildPhase section */
		03FB3E151BFB675300B7DD5A /* Sources */ = {
			isa = PBXSourcesBuildPhase;
			buildActionMask = 2147483647;
			files = (
				0300B0D01CDEF88A00611A42 /* LCActionSheet.m in Sources */,
				03AECBDB1DB5B20D00EBA6C9 /* BaseViewController.m in Sources */,
				03DF529E1D7E5B2300183702 /* YALContextMenuTableView.m in Sources */,
				03C858BB1DDACA35003DE90C /* JKAlertManager.m in Sources */,
				034EB4E81CE37FB7002FFF32 /* SAFullSizeImagesControl.m in Sources */,
				03D9DA651DE529D900484B4A /* AFURLRequestSerialization.m in Sources */,
				03C858B91DDACA35003DE90C /* JKAdapterLabel.m in Sources */,
				03FB3FC81BFB750600B7DD5A /* SCLAlertView.m in Sources */,
				038829961CC5222000C8E893 /* NSString+MD5.m in Sources */,
				03FB3FBB1BFB749F00B7DD5A /* FMDatabaseAdditions.m in Sources */,
				0371B7A41D45E93000A841BA /* WBTableViewDelegate.m in Sources */,
				03D9DA821DE5346D00484B4A /* UIButton+AFNetworking.m in Sources */,
				03D9DA7F1DE5346D00484B4A /* AFImageDownloader.m in Sources */,
				03D9DA631DE529D900484B4A /* AFNetworkReachabilityManager.m in Sources */,
				03C858BE1DDACA35003DE90C /* JKWaitingView.m in Sources */,
				0300B0B71CDE462100611A42 /* UIButton+WebCache.m in Sources */,
				0300B0B11CDE462100611A42 /* SDWebImageDownloaderOperation.m in Sources */,
				03FB3EE61BFB68A400B7DD5A /* RoundLabel.m in Sources */,
				03D9DA661DE529D900484B4A /* AFURLResponseSerialization.m in Sources */,
				03FB3ED31BFB686600B7DD5A /* UzysAnimatedGifActivityIndicator.m in Sources */,
				033B01CC1DCAE103001E23A9 /* ZWIntroductionViewController.m in Sources */,
				03FB3FCA1BFB750600B7DD5A /* SCLAlertViewStyleKit.m in Sources */,
				03FB3F021BFB691A00B7DD5A /* DXAlertView.m in Sources */,
				03C858C01DDACA35003DE90C /* NSString+JKAlert.m in Sources */,
				0371B7A51D45E93000A841BA /* WBPopMenuSingleton.m in Sources */,
				03D9DA801DE5346D00484B4A /* AFNetworkActivityIndicatorManager.m in Sources */,
				0300B0BB1CDE462100611A42 /* UIImage+MultiFormat.m in Sources */,
				03FB3F171BFB699500B7DD5A /* UIView+UIViewAdditions.m in Sources */,
				03FB40511BFC7D0900B7DD5A /* UIImage+KVNEmpty.m in Sources */,
				0371B7A31D45E93000A841BA /* WBTableViewDataSource.m in Sources */,
				03D9DA841DE5346D00484B4A /* UIProgressView+AFNetworking.m in Sources */,
				03FB3E281BFB67B400B7DD5A /* SAViewController.m in Sources */,
				03D9DA851DE5346D00484B4A /* UIRefreshControl+AFNetworking.m in Sources */,
				03DF529D1D7E5B2300183702 /* UIView+YALConstraints.m in Sources */,
				03FB3F031BFB691A00B7DD5A /* GUAAlertView.m in Sources */,
				0300B0C31CDE462100611A42 /* UIView+WebCacheOperation.m in Sources */,
				03FB3EE51BFB68A400B7DD5A /* RoundImageView.m in Sources */,
				03FB3FC91BFB750600B7DD5A /* SCLAlertViewResponder.m in Sources */,
				03D9DA621DE529D900484B4A /* AFHTTPSessionManager.m in Sources */,
				03FB3ED11BFB686600B7DD5A /* AnimatedGIFImageSerialization.m in Sources */,
				03FB3F0C1BFB693400B7DD5A /* LocationManager.m in Sources */,
				0300B0A71CDE462100611A42 /* NSData+ImageContentType.m in Sources */,
				0300B0C11CDE462100611A42 /* UIImageView+WebCache.m in Sources */,
				0300B0A51CDE462100611A42 /* MKAnnotationView+WebCache.m in Sources */,
				03FB3FBE1BFB749F00B7DD5A /* FMResultSet.m in Sources */,
				03C858BD1DDACA35003DE90C /* JKInformView.m in Sources */,
				03FB3FBD1BFB749F00B7DD5A /* FMDatabaseQueue.m in Sources */,
				03D9DA671DE529D900484B4A /* AFURLSessionManager.m in Sources */,
				03FB3FAD1BFB748300B7DD5A /* STAlertView.m in Sources */,
				03FB3EE41BFB68A400B7DD5A /* SAHTMLHeightenLabel.m in Sources */,
				03FB3EE31BFB68A400B7DD5A /* SAHeightenLabel.m in Sources */,
				03C858C11DDACA35003DE90C /* UIView+JKAlert.m in Sources */,
				0300B0B31CDE462100611A42 /* SDWebImageManager.m in Sources */,
				03FB3F1E1BFB69D400B7DD5A /* SAReachabilityManager.m in Sources */,
				0300B0B91CDE462100611A42 /* UIImage+GIF.m in Sources */,
				03FB3ED21BFB686600B7DD5A /* UIScrollView+UzysAnimatedGifPullToRefresh.m in Sources */,
				0300B0AB1CDE462100611A42 /* SDWebImageCompat.m in Sources */,
				0371B7A61D45E93000A841BA /* WBPopMenuView.m in Sources */,
				03FB3EE21BFB68A400B7DD5A /* SAWidthLabel.m in Sources */,
				03FB3E1F1BFB675300B7DD5A /* BaseFrameWork.m in Sources */,
				03FB3F0B1BFB693400B7DD5A /* SAURLManager.m in Sources */,
				034EB4E71CE37FB7002FFF32 /* SAFullSizeImageControl.m in Sources */,
				0300B0BF1CDE462100611A42 /* UIImageView+HighlightedWebCache.m in Sources */,
				03FB3FBC1BFB749F00B7DD5A /* FMDatabasePool.m in Sources */,
				03FB40531BFC7D0900B7DD5A /* KVNProgress.m in Sources */,
				03FB3EEA1BFB68CB00B7DD5A /* SAKeyValueStore.m in Sources */,
				03FB40521BFC7D0900B7DD5A /* UIImage+KVNImageEffects.m in Sources */,
				0300B0AD1CDE462100611A42 /* SDWebImageDecoder.m in Sources */,
				03C858BA1DDACA35003DE90C /* JKAlert.m in Sources */,
				0371B7A71D45E93000A841BA /* WBPopMenuModel.m in Sources */,
				03FB3FCB1BFB750600B7DD5A /* SCLButton.m in Sources */,
				0383D47D1D76A53100AA0D0C /* DeformationButton.m in Sources */,
				03C858BF1DDACA35003DE90C /* NSObject+JKAlert.m in Sources */,
				03D9DA861DE5346D00484B4A /* UIWebView+AFNetworking.m in Sources */,
				03FB3F371BFB71A000B7DD5A /* Reachability.m in Sources */,
				03C858BC1DDACA35003DE90C /* JKBaseView.m in Sources */,
				0300B0A91CDE462100611A42 /* SDImageCache.m in Sources */,
				0300B0B51CDE462100611A42 /* SDWebImagePrefetcher.m in Sources */,
				03D9DA831DE5346D00484B4A /* UIImageView+AFNetworking.m in Sources */,
				0300B0AF1CDE462100611A42 /* SDWebImageDownloader.m in Sources */,
				0300B0BD1CDE462100611A42 /* UIImage+WebP.m in Sources */,
				03D9DA811DE5346D00484B4A /* UIActivityIndicatorView+AFNetworking.m in Sources */,
				0371B7A21D45E93000A841BA /* WBTableViewCell.m in Sources */,
				03D9DA641DE529D900484B4A /* AFSecurityPolicy.m in Sources */,
				03FB3FBA1BFB749F00B7DD5A /* FMDatabase.m in Sources */,
				03FB3EE11BFB68A400B7DD5A /* RCLabel.m in Sources */,
				03FB3F1D1BFB69D400B7DD5A /* DHNetWorkingTask.m in Sources */,
				03D9DA7E1DE5346D00484B4A /* AFAutoPurgingImageCache.m in Sources */,
				0383D4801D76A53D00AA0D0C /* MMMaterialDesignSpinner.m in Sources */,
				0309A32C1CB23CCB00CBE9A0 /* RegularExpression.m in Sources */,
				03FB3F101BFB695C00B7DD5A /* SAModel.m in Sources */,
			);
			runOnlyForDeploymentPostprocessing = 0;
		};
		03FB40541BFC7F9800B7DD5A /* Sources */ = {
			isa = PBXSourcesBuildPhase;
			buildActionMask = 2147483647;
			files = (
				0300B0BA1CDE462100611A42 /* UIImage+GIF.m in Sources */,
				0300B0CF1CDEF6A300611A42 /* LCActionSheet.m in Sources */,
				0300B0B01CDE462100611A42 /* SDWebImageDownloader.m in Sources */,
				0300B0C01CDE462100611A42 /* UIImageView+HighlightedWebCache.m in Sources */,
				0300B0B81CDE462100611A42 /* UIButton+WebCache.m in Sources */,
				0300B0C21CDE462100611A42 /* UIImageView+WebCache.m in Sources */,
				0300B0AE1CDE462100611A42 /* SDWebImageDecoder.m in Sources */,
				0300B0AC1CDE462100611A42 /* SDWebImageCompat.m in Sources */,
				0300B0BE1CDE462100611A42 /* UIImage+WebP.m in Sources */,
				0300B0A81CDE462100611A42 /* NSData+ImageContentType.m in Sources */,
				0300B0B21CDE462100611A42 /* SDWebImageDownloaderOperation.m in Sources */,
				0300B0B41CDE462100611A42 /* SDWebImageManager.m in Sources */,
				0300B0BC1CDE462100611A42 /* UIImage+MultiFormat.m in Sources */,
				0300B0B61CDE462100611A42 /* SDWebImagePrefetcher.m in Sources */,
				0300B0A61CDE462100611A42 /* MKAnnotationView+WebCache.m in Sources */,
				0300B0C41CDE462100611A42 /* UIView+WebCacheOperation.m in Sources */,
				0300B0AA1CDE462100611A42 /* SDImageCache.m in Sources */,
			);
			runOnlyForDeploymentPostprocessing = 0;
		};
/* End PBXSourcesBuildPhase section */

/* Begin XCBuildConfiguration section */
		03FB3E201BFB675300B7DD5A /* Debug */ = {
			isa = XCBuildConfiguration;
			buildSettings = {
				ALWAYS_SEARCH_USER_PATHS = NO;
				CLANG_CXX_LANGUAGE_STANDARD = "gnu++0x";
				CLANG_CXX_LIBRARY = "libc++";
				CLANG_ENABLE_MODULES = YES;
				CLANG_ENABLE_OBJC_ARC = YES;
				CLANG_WARN_BOOL_CONVERSION = YES;
				CLANG_WARN_CONSTANT_CONVERSION = YES;
				CLANG_WARN_DIRECT_OBJC_ISA_USAGE = YES_ERROR;
				CLANG_WARN_EMPTY_BODY = YES;
				CLANG_WARN_ENUM_CONVERSION = YES;
				CLANG_WARN_INT_CONVERSION = YES;
				CLANG_WARN_OBJC_ROOT_CLASS = YES_ERROR;
				CLANG_WARN_UNREACHABLE_CODE = YES;
				CLANG_WARN__DUPLICATE_METHOD_MATCH = YES;
				CODE_SIGN_IDENTITY = "iPhone Developer";
				"CODE_SIGN_IDENTITY[sdk=iphoneos*]" = "iPhone Developer";
				COPY_PHASE_STRIP = NO;
				DEBUG_INFORMATION_FORMAT = dwarf;
				ENABLE_STRICT_OBJC_MSGSEND = YES;
				ENABLE_TESTABILITY = YES;
				GCC_C_LANGUAGE_STANDARD = gnu99;
				GCC_DYNAMIC_NO_PIC = NO;
				GCC_NO_COMMON_BLOCKS = YES;
				GCC_OPTIMIZATION_LEVEL = 0;
				GCC_PREPROCESSOR_DEFINITIONS = (
					"DEBUG=1",
					"$(inherited)",
				);
				GCC_WARN_64_TO_32_BIT_CONVERSION = YES;
				GCC_WARN_ABOUT_RETURN_TYPE = YES_ERROR;
				GCC_WARN_UNDECLARED_SELECTOR = YES;
				GCC_WARN_UNINITIALIZED_AUTOS = YES_AGGRESSIVE;
				GCC_WARN_UNUSED_FUNCTION = YES;
				GCC_WARN_UNUSED_VARIABLE = YES;
				IPHONEOS_DEPLOYMENT_TARGET = 7.0;
				MTL_ENABLE_DEBUG_INFO = YES;
				ONLY_ACTIVE_ARCH = NO;
				SDKROOT = iphoneos;
			};
			name = Debug;
		};
		03FB3E211BFB675300B7DD5A /* Release */ = {
			isa = XCBuildConfiguration;
			buildSettings = {
				ALWAYS_SEARCH_USER_PATHS = NO;
				CLANG_CXX_LANGUAGE_STANDARD = "gnu++0x";
				CLANG_CXX_LIBRARY = "libc++";
				CLANG_ENABLE_MODULES = YES;
				CLANG_ENABLE_OBJC_ARC = YES;
				CLANG_WARN_BOOL_CONVERSION = YES;
				CLANG_WARN_CONSTANT_CONVERSION = YES;
				CLANG_WARN_DIRECT_OBJC_ISA_USAGE = YES_ERROR;
				CLANG_WARN_EMPTY_BODY = YES;
				CLANG_WARN_ENUM_CONVERSION = YES;
				CLANG_WARN_INT_CONVERSION = YES;
				CLANG_WARN_OBJC_ROOT_CLASS = YES_ERROR;
				CLANG_WARN_UNREACHABLE_CODE = YES;
				CLANG_WARN__DUPLICATE_METHOD_MATCH = YES;
				CODE_SIGN_IDENTITY = "iPhone Developer";
				"CODE_SIGN_IDENTITY[sdk=iphoneos*]" = "iPhone Developer";
				COPY_PHASE_STRIP = NO;
				DEBUG_INFORMATION_FORMAT = "dwarf-with-dsym";
				ENABLE_NS_ASSERTIONS = NO;
				ENABLE_STRICT_OBJC_MSGSEND = YES;
				GCC_C_LANGUAGE_STANDARD = gnu99;
				GCC_NO_COMMON_BLOCKS = YES;
				GCC_WARN_64_TO_32_BIT_CONVERSION = YES;
				GCC_WARN_ABOUT_RETURN_TYPE = YES_ERROR;
				GCC_WARN_UNDECLARED_SELECTOR = YES;
				GCC_WARN_UNINITIALIZED_AUTOS = YES_AGGRESSIVE;
				GCC_WARN_UNUSED_FUNCTION = YES;
				GCC_WARN_UNUSED_VARIABLE = YES;
				IPHONEOS_DEPLOYMENT_TARGET = 7.0;
				MTL_ENABLE_DEBUG_INFO = NO;
				ONLY_ACTIVE_ARCH = NO;
				SDKROOT = iphoneos;
				VALIDATE_PRODUCT = YES;
			};
			name = Release;
		};
		03FB3E231BFB675300B7DD5A /* Debug */ = {
			isa = XCBuildConfiguration;
			buildSettings = {
				CODE_SIGN_IDENTITY = "iPhone Developer";
				ENABLE_BITCODE = YES;
				FRAMEWORK_SEARCH_PATHS = "";
				HEADER_SEARCH_PATHS = "";
				ONLY_ACTIVE_ARCH = NO;
				OTHER_LDFLAGS = (
					"-ObjC",
					"-all_load",
				);
				PRODUCT_NAME = "$(TARGET_NAME)";
				SKIP_INSTALL = YES;
				USER_HEADER_SEARCH_PATHS = "";
				VALID_ARCHS = "armv7 armv7s arm64";
			};
			name = Debug;
		};
		03FB3E241BFB675300B7DD5A /* Release */ = {
			isa = XCBuildConfiguration;
			buildSettings = {
				CODE_SIGN_IDENTITY = "iPhone Developer";
				ENABLE_BITCODE = YES;
				FRAMEWORK_SEARCH_PATHS = "";
				HEADER_SEARCH_PATHS = "";
				ONLY_ACTIVE_ARCH = NO;
				OTHER_LDFLAGS = (
					"-ObjC",
					"-all_load",
				);
				PRODUCT_NAME = "$(TARGET_NAME)";
				SKIP_INSTALL = YES;
				USER_HEADER_SEARCH_PATHS = "";
				VALID_ARCHS = "armv7 armv7s arm64";
			};
			name = Release;
		};
		03FB405C1BFC7F9800B7DD5A /* Debug */ = {
			isa = XCBuildConfiguration;
			buildSettings = {
				CODE_SIGN_IDENTITY = "iPhone Developer";
				COMBINE_HIDPI_IMAGES = YES;
				ENABLE_BITCODE = NO;
				INFOPLIST_FILE = BaseFrameWorkBoundle/Info.plist;
				INSTALL_PATH = "$(LOCAL_LIBRARY_DIR)/Bundles";
				MACOSX_DEPLOYMENT_TARGET = 10.11;
				PRODUCT_BUNDLE_IDENTIFIER = "WJN-work-163.com.BaseFrameWorkBoundle";
				PRODUCT_NAME = "$(TARGET_NAME)";
				SDKROOT = iphoneos;
				SKIP_INSTALL = YES;
				WRAPPER_EXTENSION = bundle;
			};
			name = Debug;
		};
		03FB405D1BFC7F9800B7DD5A /* Release */ = {
			isa = XCBuildConfiguration;
			buildSettings = {
				CODE_SIGN_IDENTITY = "iPhone Developer";
				COMBINE_HIDPI_IMAGES = YES;
				ENABLE_BITCODE = NO;
				INFOPLIST_FILE = BaseFrameWorkBoundle/Info.plist;
				INSTALL_PATH = "$(LOCAL_LIBRARY_DIR)/Bundles";
				MACOSX_DEPLOYMENT_TARGET = 10.11;
				PRODUCT_BUNDLE_IDENTIFIER = "WJN-work-163.com.BaseFrameWorkBoundle";
				PRODUCT_NAME = "$(TARGET_NAME)";
				SDKROOT = iphoneos;
				SKIP_INSTALL = YES;
				WRAPPER_EXTENSION = bundle;
			};
			name = Release;
		};
/* End XCBuildConfiguration section */

/* Begin XCConfigurationList section */
		03FB3E141BFB675300B7DD5A /* Build configuration list for PBXProject "BaseFrameWork" */ = {
			isa = XCConfigurationList;
			buildConfigurations = (
				03FB3E201BFB675300B7DD5A /* Debug */,
				03FB3E211BFB675300B7DD5A /* Release */,
			);
			defaultConfigurationIsVisible = 0;
			defaultConfigurationName = Release;
		};
		03FB3E221BFB675300B7DD5A /* Build configuration list for PBXNativeTarget "BaseFrameWork" */ = {
			isa = XCConfigurationList;
			buildConfigurations = (
				03FB3E231BFB675300B7DD5A /* Debug */,
				03FB3E241BFB675300B7DD5A /* Release */,
			);
			defaultConfigurationIsVisible = 0;
			defaultConfigurationName = Release;
		};
		03FB405B1BFC7F9800B7DD5A /* Build configuration list for PBXNativeTarget "BaseFrameWorkBoundle" */ = {
			isa = XCConfigurationList;
			buildConfigurations = (
				03FB405C1BFC7F9800B7DD5A /* Debug */,
				03FB405D1BFC7F9800B7DD5A /* Release */,
			);
			defaultConfigurationIsVisible = 0;
			defaultConfigurationName = Release;
		};
/* End XCConfigurationList section */
	};
	rootObject = 03FB3E111BFB675300B7DD5A /* Project object */;
}
